// !$*UTF8*$!
{
	archiveVersion = 1;
	classes = {
	};
	objectVersion = 56;
	objects = {

/* Begin PBXBuildFile section */
		0B001C22901BE9AEFAB78120 /* Pods_BrificLoodos.framework in Frameworks */ = {isa = PBXBuildFile; fileRef = 5AEB66091F350C1AD5486BB6 /* Pods_BrificLoodos.framework */; };
		9A232CC12A82239F00034FF6 /* AppAssets.xcassets in Resources */ = {isa = PBXBuildFile; fileRef = 9A232CC02A82239F00034FF6 /* AppAssets.xcassets */; };
		9A232CC62A8230F700034FF6 /* AddedMyBrificViewController.swift in Sources */ = {isa = PBXBuildFile; fileRef = 9A232CC42A8230F700034FF6 /* AddedMyBrificViewController.swift */; };
		9A232CC72A8230F700034FF6 /* AddedMyBrificViewController.xib in Resources */ = {isa = PBXBuildFile; fileRef = 9A232CC52A8230F700034FF6 /* AddedMyBrificViewController.xib */; };
		9A4E6F3E2A78300F003DF923 /* AppDelegate.swift in Sources */ = {isa = PBXBuildFile; fileRef = 9A4E6F3D2A78300F003DF923 /* AppDelegate.swift */; };
		9A4E6F402A78300F003DF923 /* SceneDelegate.swift in Sources */ = {isa = PBXBuildFile; fileRef = 9A4E6F3F2A78300F003DF923 /* SceneDelegate.swift */; };
		9A4E6F4A2A783013003DF923 /* LaunchScreen.storyboard in Resources */ = {isa = PBXBuildFile; fileRef = 9A4E6F482A783013003DF923 /* LaunchScreen.storyboard */; };
		9A4E6F672A783D52003DF923 /* HomeViewController.swift in Sources */ = {isa = PBXBuildFile; fileRef = 9A4E6F652A783D52003DF923 /* HomeViewController.swift */; };
		9A4E6F682A783D52003DF923 /* HomeViewController.xib in Resources */ = {isa = PBXBuildFile; fileRef = 9A4E6F662A783D52003DF923 /* HomeViewController.xib */; };
		9A4E6F6B2A783D5D003DF923 /* MarketViewController.swift in Sources */ = {isa = PBXBuildFile; fileRef = 9A4E6F692A783D5D003DF923 /* MarketViewController.swift */; };
		9A4E6F6C2A783D5D003DF923 /* MarketViewController.xib in Resources */ = {isa = PBXBuildFile; fileRef = 9A4E6F6A2A783D5D003DF923 /* MarketViewController.xib */; };
		9A4E6F6F2A783D6A003DF923 /* ProfileViiewController.swift in Sources */ = {isa = PBXBuildFile; fileRef = 9A4E6F6D2A783D69003DF923 /* ProfileViiewController.swift */; };
		9A4E6F702A783D6A003DF923 /* ProfileViiewController.xib in Resources */ = {isa = PBXBuildFile; fileRef = 9A4E6F6E2A783D6A003DF923 /* ProfileViiewController.xib */; };
		9A4E6F732A783D76003DF923 /* MapViewController.swift in Sources */ = {isa = PBXBuildFile; fileRef = 9A4E6F712A783D76003DF923 /* MapViewController.swift */; };
		9A4E6F742A783D76003DF923 /* MapViewController.xib in Resources */ = {isa = PBXBuildFile; fileRef = 9A4E6F722A783D76003DF923 /* MapViewController.xib */; };
		9A4E6F772A783D83003DF923 /* SocialViewController.swift in Sources */ = {isa = PBXBuildFile; fileRef = 9A4E6F752A783D83003DF923 /* SocialViewController.swift */; };
		9A4E6F782A783D83003DF923 /* SocialViewController.xib in Resources */ = {isa = PBXBuildFile; fileRef = 9A4E6F762A783D83003DF923 /* SocialViewController.xib */; };
		9A61B6F82A84C8AE00A55281 /* LightButtonCollectionViewCell.swift in Sources */ = {isa = PBXBuildFile; fileRef = 9A61B6F62A84C8AE00A55281 /* LightButtonCollectionViewCell.swift */; };
		9A61B6F92A84C8AF00A55281 /* LightButtonCollectionViewCell.xib in Resources */ = {isa = PBXBuildFile; fileRef = 9A61B6F72A84C8AE00A55281 /* LightButtonCollectionViewCell.xib */; };
		9A61B6FD2A84CFB700A55281 /* CollectionTableCellCollectionViewCell.swift in Sources */ = {isa = PBXBuildFile; fileRef = 9A61B6FB2A84CFB700A55281 /* CollectionTableCellCollectionViewCell.swift */; };
		9A61B6FE2A84CFB700A55281 /* CollectionTableCellCollectionViewCell.xib in Resources */ = {isa = PBXBuildFile; fileRef = 9A61B6FC2A84CFB700A55281 /* CollectionTableCellCollectionViewCell.xib */; };
		9A6715062A8CBDD700EFC9CB /* BrificLoodosTests.swift in Sources */ = {isa = PBXBuildFile; fileRef = 9A6715052A8CBDD700EFC9CB /* BrificLoodosTests.swift */; };
		9A67150D2A8CC70500EFC9CB /* EmailValidatorExtensionTest.swift in Sources */ = {isa = PBXBuildFile; fileRef = 9A67150C2A8CC70500EFC9CB /* EmailValidatorExtensionTest.swift */; };
		9A67150F2A8CEBDD00EFC9CB /* EmailValidatorExtension.swift in Sources */ = {isa = PBXBuildFile; fileRef = 9A67150E2A8CEBDC00EFC9CB /* EmailValidatorExtension.swift */; };
		9A7003FE2A80C6BB00FC2094 /* Security.framework in Frameworks */ = {isa = PBXBuildFile; fileRef = 9A7003FD2A80C6BB00FC2094 /* Security.framework */; };
		9A7004042A8114FA00FC2094 /* KeyboardExtension.swift in Sources */ = {isa = PBXBuildFile; fileRef = 9A7004032A8114FA00FC2094 /* KeyboardExtension.swift */; };
		9A7004092A81308A00FC2094 /* MyBrificViewController.swift in Sources */ = {isa = PBXBuildFile; fileRef = 9A7004072A81308A00FC2094 /* MyBrificViewController.swift */; };
		9A70040A2A81308A00FC2094 /* MyBrificViewController.xib in Resources */ = {isa = PBXBuildFile; fileRef = 9A7004082A81308A00FC2094 /* MyBrificViewController.xib */; };
		9A9D89662A79915C00C69BD8 /* CustomTabBar.swift in Sources */ = {isa = PBXBuildFile; fileRef = 9A9D89652A79915C00C69BD8 /* CustomTabBar.swift */; };
		9A9D89692A7991A300C69BD8 /* TabBarViewController.swift in Sources */ = {isa = PBXBuildFile; fileRef = 9A9D89672A7991A300C69BD8 /* TabBarViewController.swift */; };
		9A9D89722A79B0CA00C69BD8 /* CustomTableViewCell.swift in Sources */ = {isa = PBXBuildFile; fileRef = 9A9D89702A79B0CA00C69BD8 /* CustomTableViewCell.swift */; };
		9A9D89732A79B0CA00C69BD8 /* CustomTableViewCell.xib in Resources */ = {isa = PBXBuildFile; fileRef = 9A9D89712A79B0CA00C69BD8 /* CustomTableViewCell.xib */; };
		9A9D897E2A7AE0D900C69BD8 /* Poppins-SemiBold.ttf in Resources */ = {isa = PBXBuildFile; fileRef = 9A9D897D2A7AE0D900C69BD8 /* Poppins-SemiBold.ttf */; };
		9A9D89802A7AE0E500C69BD8 /* Poppins-Medium.ttf in Resources */ = {isa = PBXBuildFile; fileRef = 9A9D897F2A7AE0E500C69BD8 /* Poppins-Medium.ttf */; };
		9A9D89822A7AE25100C69BD8 /* Poppins-Regular.ttf in Resources */ = {isa = PBXBuildFile; fileRef = 9A9D89812A7AE25100C69BD8 /* Poppins-Regular.ttf */; };
		9A9D89892A7B870D00C69BD8 /* EditProfileViewController.swift in Sources */ = {isa = PBXBuildFile; fileRef = 9A9D89872A7B870D00C69BD8 /* EditProfileViewController.swift */; };
		9A9D898A2A7B870D00C69BD8 /* EditProfileViewController.xib in Resources */ = {isa = PBXBuildFile; fileRef = 9A9D89882A7B870D00C69BD8 /* EditProfileViewController.xib */; };
		9AADBB282A836F480002877B /* PropertiesCollectionViewCell.swift in Sources */ = {isa = PBXBuildFile; fileRef = 9AADBB262A836F480002877B /* PropertiesCollectionViewCell.swift */; };
		9AADBB292A836F480002877B /* PropertiesCollectionViewCell.xib in Resources */ = {isa = PBXBuildFile; fileRef = 9AADBB272A836F480002877B /* PropertiesCollectionViewCell.xib */; };
		9AADBB2E2A83A93E0002877B /* DrivingModeCollectionViewCell.swift in Sources */ = {isa = PBXBuildFile; fileRef = 9AADBB2C2A83A93E0002877B /* DrivingModeCollectionViewCell.swift */; };
		9AADBB2F2A83A93E0002877B /* DrivingModeCollectionViewCell.xib in Resources */ = {isa = PBXBuildFile; fileRef = 9AADBB2D2A83A93E0002877B /* DrivingModeCollectionViewCell.xib */; };
		9AADBB372A83BC370002877B /* BrificUnitsCollectionViewCell.swift in Sources */ = {isa = PBXBuildFile; fileRef = 9AADBB352A83BC370002877B /* BrificUnitsCollectionViewCell.swift */; };
		9AADBB382A83BC370002877B /* BrificUnitsCollectionViewCell.xib in Resources */ = {isa = PBXBuildFile; fileRef = 9AADBB362A83BC370002877B /* BrificUnitsCollectionViewCell.xib */; };
		9ACD6DBA2A8A19D40058AF08 /* ProductModel.swift in Sources */ = {isa = PBXBuildFile; fileRef = 9ACD6DB92A8A19D40058AF08 /* ProductModel.swift */; };
		9ACD6DBD2A8A459D0058AF08 /* User.swift in Sources */ = {isa = PBXBuildFile; fileRef = 9ACD6DBC2A8A459D0058AF08 /* User.swift */; };
		9ACD6DC02A8B67090058AF08 /* UserRepository.swift in Sources */ = {isa = PBXBuildFile; fileRef = 9ACD6DBF2A8B67090058AF08 /* UserRepository.swift */; };
		9ACD6DC32A8B72590058AF08 /* UserManager.swift in Sources */ = {isa = PBXBuildFile; fileRef = 9ACD6DC22A8B72590058AF08 /* UserManager.swift */; };
		9AD86C9B2A8503A1009676AA /* ButtonCollectionViewCell.swift in Sources */ = {isa = PBXBuildFile; fileRef = 9AD86C992A8503A1009676AA /* ButtonCollectionViewCell.swift */; };
		9AD86C9C2A8503A1009676AA /* ButtonCollectionViewCell.xib in Resources */ = {isa = PBXBuildFile; fileRef = 9AD86C9A2A8503A1009676AA /* ButtonCollectionViewCell.xib */; };
		9AD86CA02A8516B0009676AA /* FooterCollectionViewCell.swift in Sources */ = {isa = PBXBuildFile; fileRef = 9AD86C9E2A8516B0009676AA /* FooterCollectionViewCell.swift */; };
		9AD86CA12A8516B0009676AA /* FooterCollectionViewCell.xib in Resources */ = {isa = PBXBuildFile; fileRef = 9AD86C9F2A8516B0009676AA /* FooterCollectionViewCell.xib */; };
		9AD86CA52A851969009676AA /* RemoveButtonCollectionViewCell.swift in Sources */ = {isa = PBXBuildFile; fileRef = 9AD86CA32A851969009676AA /* RemoveButtonCollectionViewCell.swift */; };
		9AD86CA62A851969009676AA /* RemoveButtonCollectionViewCell.xib in Resources */ = {isa = PBXBuildFile; fileRef = 9AD86CA42A851969009676AA /* RemoveButtonCollectionViewCell.xib */; };
		9AFE17192A86212600F60F85 /* APIRouter.swift in Sources */ = {isa = PBXBuildFile; fileRef = 9AFE17182A86212600F60F85 /* APIRouter.swift */; };
		9AFE171B2A86364400F60F85 /* Constants.swift in Sources */ = {isa = PBXBuildFile; fileRef = 9AFE171A2A86364400F60F85 /* Constants.swift */; };
		9AFE17202A863B2C00F60F85 /* APIClient.swift in Sources */ = {isa = PBXBuildFile; fileRef = 9AFE171F2A863B2C00F60F85 /* APIClient.swift */; };
		9AFE17222A86684300F60F85 /* CustomerModel.swift in Sources */ = {isa = PBXBuildFile; fileRef = 9AFE17212A86684300F60F85 /* CustomerModel.swift */; };
/* End PBXBuildFile section */

/* Begin PBXContainerItemProxy section */
		9A6715072A8CBDD700EFC9CB /* PBXContainerItemProxy */ = {
			isa = PBXContainerItemProxy;
			containerPortal = 9A4E6F322A78300F003DF923 /* Project object */;
			proxyType = 1;
			remoteGlobalIDString = 9A4E6F392A78300F003DF923;
			remoteInfo = BrificLoodos;
		};
/* End PBXContainerItemProxy section */

/* Begin PBXFileReference section */
		5AEB66091F350C1AD5486BB6 /* Pods_BrificLoodos.framework */ = {isa = PBXFileReference; explicitFileType = wrapper.framework; includeInIndex = 0; path = Pods_BrificLoodos.framework; sourceTree = BUILT_PRODUCTS_DIR; };
		634ED45B926F053455BEF2C0 /* Pods-BrificLoodos.release.xcconfig */ = {isa = PBXFileReference; includeInIndex = 1; lastKnownFileType = text.xcconfig; name = "Pods-BrificLoodos.release.xcconfig"; path = "Target Support Files/Pods-BrificLoodos/Pods-BrificLoodos.release.xcconfig"; sourceTree = "<group>"; };
		7520A6445E3A4981A5ADFB10 /* Pods-BrificLoodos.debug.xcconfig */ = {isa = PBXFileReference; includeInIndex = 1; lastKnownFileType = text.xcconfig; name = "Pods-BrificLoodos.debug.xcconfig"; path = "Target Support Files/Pods-BrificLoodos/Pods-BrificLoodos.debug.xcconfig"; sourceTree = "<group>"; };
		9A232CC02A82239F00034FF6 /* AppAssets.xcassets */ = {isa = PBXFileReference; lastKnownFileType = folder.assetcatalog; path = AppAssets.xcassets; sourceTree = "<group>"; };
		9A232CC42A8230F700034FF6 /* AddedMyBrificViewController.swift */ = {isa = PBXFileReference; lastKnownFileType = sourcecode.swift; path = AddedMyBrificViewController.swift; sourceTree = "<group>"; };
		9A232CC52A8230F700034FF6 /* AddedMyBrificViewController.xib */ = {isa = PBXFileReference; lastKnownFileType = file.xib; path = AddedMyBrificViewController.xib; sourceTree = "<group>"; };
		9A4E6F3A2A78300F003DF923 /* BrificLoodos.app */ = {isa = PBXFileReference; explicitFileType = wrapper.application; includeInIndex = 0; path = BrificLoodos.app; sourceTree = BUILT_PRODUCTS_DIR; };
		9A4E6F3D2A78300F003DF923 /* AppDelegate.swift */ = {isa = PBXFileReference; lastKnownFileType = sourcecode.swift; path = AppDelegate.swift; sourceTree = "<group>"; };
		9A4E6F3F2A78300F003DF923 /* SceneDelegate.swift */ = {isa = PBXFileReference; lastKnownFileType = sourcecode.swift; path = SceneDelegate.swift; sourceTree = "<group>"; };
		9A4E6F492A783013003DF923 /* Base */ = {isa = PBXFileReference; lastKnownFileType = file.storyboard; name = Base; path = Base.lproj/LaunchScreen.storyboard; sourceTree = "<group>"; };
		9A4E6F4B2A783013003DF923 /* Info.plist */ = {isa = PBXFileReference; lastKnownFileType = text.plist.xml; path = Info.plist; sourceTree = "<group>"; };
		9A4E6F652A783D52003DF923 /* HomeViewController.swift */ = {isa = PBXFileReference; lastKnownFileType = sourcecode.swift; path = HomeViewController.swift; sourceTree = "<group>"; };
		9A4E6F662A783D52003DF923 /* HomeViewController.xib */ = {isa = PBXFileReference; lastKnownFileType = file.xib; path = HomeViewController.xib; sourceTree = "<group>"; };
		9A4E6F692A783D5D003DF923 /* MarketViewController.swift */ = {isa = PBXFileReference; lastKnownFileType = sourcecode.swift; path = MarketViewController.swift; sourceTree = "<group>"; };
		9A4E6F6A2A783D5D003DF923 /* MarketViewController.xib */ = {isa = PBXFileReference; lastKnownFileType = file.xib; path = MarketViewController.xib; sourceTree = "<group>"; };
		9A4E6F6D2A783D69003DF923 /* ProfileViiewController.swift */ = {isa = PBXFileReference; lastKnownFileType = sourcecode.swift; path = ProfileViiewController.swift; sourceTree = "<group>"; };
		9A4E6F6E2A783D6A003DF923 /* ProfileViiewController.xib */ = {isa = PBXFileReference; lastKnownFileType = file.xib; path = ProfileViiewController.xib; sourceTree = "<group>"; };
		9A4E6F712A783D76003DF923 /* MapViewController.swift */ = {isa = PBXFileReference; lastKnownFileType = sourcecode.swift; path = MapViewController.swift; sourceTree = "<group>"; };
		9A4E6F722A783D76003DF923 /* MapViewController.xib */ = {isa = PBXFileReference; lastKnownFileType = file.xib; path = MapViewController.xib; sourceTree = "<group>"; };
		9A4E6F752A783D83003DF923 /* SocialViewController.swift */ = {isa = PBXFileReference; lastKnownFileType = sourcecode.swift; path = SocialViewController.swift; sourceTree = "<group>"; };
		9A4E6F762A783D83003DF923 /* SocialViewController.xib */ = {isa = PBXFileReference; lastKnownFileType = file.xib; path = SocialViewController.xib; sourceTree = "<group>"; };
		9A61B6F62A84C8AE00A55281 /* LightButtonCollectionViewCell.swift */ = {isa = PBXFileReference; lastKnownFileType = sourcecode.swift; path = LightButtonCollectionViewCell.swift; sourceTree = "<group>"; };
		9A61B6F72A84C8AE00A55281 /* LightButtonCollectionViewCell.xib */ = {isa = PBXFileReference; lastKnownFileType = file.xib; path = LightButtonCollectionViewCell.xib; sourceTree = "<group>"; };
		9A61B6FB2A84CFB700A55281 /* CollectionTableCellCollectionViewCell.swift */ = {isa = PBXFileReference; lastKnownFileType = sourcecode.swift; path = CollectionTableCellCollectionViewCell.swift; sourceTree = "<group>"; };
		9A61B6FC2A84CFB700A55281 /* CollectionTableCellCollectionViewCell.xib */ = {isa = PBXFileReference; lastKnownFileType = file.xib; path = CollectionTableCellCollectionViewCell.xib; sourceTree = "<group>"; };
		9A6715032A8CBDD700EFC9CB /* BrificLoodosTests.xctest */ = {isa = PBXFileReference; explicitFileType = wrapper.cfbundle; includeInIndex = 0; path = BrificLoodosTests.xctest; sourceTree = BUILT_PRODUCTS_DIR; };
		9A6715052A8CBDD700EFC9CB /* BrificLoodosTests.swift */ = {isa = PBXFileReference; lastKnownFileType = sourcecode.swift; path = BrificLoodosTests.swift; sourceTree = "<group>"; };
		9A67150C2A8CC70500EFC9CB /* EmailValidatorExtensionTest.swift */ = {isa = PBXFileReference; lastKnownFileType = sourcecode.swift; path = EmailValidatorExtensionTest.swift; sourceTree = "<group>"; };
		9A67150E2A8CEBDC00EFC9CB /* EmailValidatorExtension.swift */ = {isa = PBXFileReference; lastKnownFileType = sourcecode.swift; path = EmailValidatorExtension.swift; sourceTree = "<group>"; };
		9A7003FD2A80C6BB00FC2094 /* Security.framework */ = {isa = PBXFileReference; lastKnownFileType = wrapper.framework; name = Security.framework; path = System/Library/Frameworks/Security.framework; sourceTree = SDKROOT; };
		9A7004032A8114FA00FC2094 /* KeyboardExtension.swift */ = {isa = PBXFileReference; lastKnownFileType = sourcecode.swift; path = KeyboardExtension.swift; sourceTree = "<group>"; };
		9A7004072A81308A00FC2094 /* MyBrificViewController.swift */ = {isa = PBXFileReference; lastKnownFileType = sourcecode.swift; path = MyBrificViewController.swift; sourceTree = "<group>"; };
		9A7004082A81308A00FC2094 /* MyBrificViewController.xib */ = {isa = PBXFileReference; lastKnownFileType = file.xib; path = MyBrificViewController.xib; sourceTree = "<group>"; };
		9A9D89652A79915C00C69BD8 /* CustomTabBar.swift */ = {isa = PBXFileReference; fileEncoding = 4; lastKnownFileType = sourcecode.swift; name = CustomTabBar.swift; path = ../../../../../../.Trash/CustomTabBar.swift; sourceTree = "<group>"; };
		9A9D89672A7991A300C69BD8 /* TabBarViewController.swift */ = {isa = PBXFileReference; lastKnownFileType = sourcecode.swift; path = TabBarViewController.swift; sourceTree = "<group>"; };
		9A9D89702A79B0CA00C69BD8 /* CustomTableViewCell.swift */ = {isa = PBXFileReference; lastKnownFileType = sourcecode.swift; path = CustomTableViewCell.swift; sourceTree = "<group>"; };
		9A9D89712A79B0CA00C69BD8 /* CustomTableViewCell.xib */ = {isa = PBXFileReference; lastKnownFileType = file.xib; path = CustomTableViewCell.xib; sourceTree = "<group>"; };
		9A9D897D2A7AE0D900C69BD8 /* Poppins-SemiBold.ttf */ = {isa = PBXFileReference; lastKnownFileType = file; path = "Poppins-SemiBold.ttf"; sourceTree = "<group>"; };
		9A9D897F2A7AE0E500C69BD8 /* Poppins-Medium.ttf */ = {isa = PBXFileReference; lastKnownFileType = file; path = "Poppins-Medium.ttf"; sourceTree = "<group>"; };
		9A9D89812A7AE25100C69BD8 /* Poppins-Regular.ttf */ = {isa = PBXFileReference; lastKnownFileType = file; path = "Poppins-Regular.ttf"; sourceTree = "<group>"; };
		9A9D89872A7B870D00C69BD8 /* EditProfileViewController.swift */ = {isa = PBXFileReference; lastKnownFileType = sourcecode.swift; path = EditProfileViewController.swift; sourceTree = "<group>"; };
		9A9D89882A7B870D00C69BD8 /* EditProfileViewController.xib */ = {isa = PBXFileReference; lastKnownFileType = file.xib; path = EditProfileViewController.xib; sourceTree = "<group>"; };
		9AADBB262A836F480002877B /* PropertiesCollectionViewCell.swift */ = {isa = PBXFileReference; lastKnownFileType = sourcecode.swift; path = PropertiesCollectionViewCell.swift; sourceTree = "<group>"; };
		9AADBB272A836F480002877B /* PropertiesCollectionViewCell.xib */ = {isa = PBXFileReference; lastKnownFileType = file.xib; path = PropertiesCollectionViewCell.xib; sourceTree = "<group>"; };
		9AADBB2C2A83A93E0002877B /* DrivingModeCollectionViewCell.swift */ = {isa = PBXFileReference; lastKnownFileType = sourcecode.swift; path = DrivingModeCollectionViewCell.swift; sourceTree = "<group>"; };
		9AADBB2D2A83A93E0002877B /* DrivingModeCollectionViewCell.xib */ = {isa = PBXFileReference; lastKnownFileType = file.xib; path = DrivingModeCollectionViewCell.xib; sourceTree = "<group>"; };
		9AADBB352A83BC370002877B /* BrificUnitsCollectionViewCell.swift */ = {isa = PBXFileReference; lastKnownFileType = sourcecode.swift; path = BrificUnitsCollectionViewCell.swift; sourceTree = "<group>"; };
		9AADBB362A83BC370002877B /* BrificUnitsCollectionViewCell.xib */ = {isa = PBXFileReference; lastKnownFileType = file.xib; path = BrificUnitsCollectionViewCell.xib; sourceTree = "<group>"; };
		9ACD6DB92A8A19D40058AF08 /* ProductModel.swift */ = {isa = PBXFileReference; lastKnownFileType = sourcecode.swift; path = ProductModel.swift; sourceTree = "<group>"; };
		9ACD6DBC2A8A459D0058AF08 /* User.swift */ = {isa = PBXFileReference; lastKnownFileType = sourcecode.swift; path = User.swift; sourceTree = "<group>"; };
		9ACD6DBF2A8B67090058AF08 /* UserRepository.swift */ = {isa = PBXFileReference; lastKnownFileType = sourcecode.swift; path = UserRepository.swift; sourceTree = "<group>"; };
		9ACD6DC22A8B72590058AF08 /* UserManager.swift */ = {isa = PBXFileReference; lastKnownFileType = sourcecode.swift; path = UserManager.swift; sourceTree = "<group>"; };
		9AD86C992A8503A1009676AA /* ButtonCollectionViewCell.swift */ = {isa = PBXFileReference; lastKnownFileType = sourcecode.swift; path = ButtonCollectionViewCell.swift; sourceTree = "<group>"; };
		9AD86C9A2A8503A1009676AA /* ButtonCollectionViewCell.xib */ = {isa = PBXFileReference; lastKnownFileType = file.xib; path = ButtonCollectionViewCell.xib; sourceTree = "<group>"; };
		9AD86C9E2A8516B0009676AA /* FooterCollectionViewCell.swift */ = {isa = PBXFileReference; lastKnownFileType = sourcecode.swift; path = FooterCollectionViewCell.swift; sourceTree = "<group>"; };
		9AD86C9F2A8516B0009676AA /* FooterCollectionViewCell.xib */ = {isa = PBXFileReference; lastKnownFileType = file.xib; path = FooterCollectionViewCell.xib; sourceTree = "<group>"; };
		9AD86CA32A851969009676AA /* RemoveButtonCollectionViewCell.swift */ = {isa = PBXFileReference; lastKnownFileType = sourcecode.swift; path = RemoveButtonCollectionViewCell.swift; sourceTree = "<group>"; };
		9AD86CA42A851969009676AA /* RemoveButtonCollectionViewCell.xib */ = {isa = PBXFileReference; lastKnownFileType = file.xib; path = RemoveButtonCollectionViewCell.xib; sourceTree = "<group>"; };
		9AFE17182A86212600F60F85 /* APIRouter.swift */ = {isa = PBXFileReference; lastKnownFileType = sourcecode.swift; path = APIRouter.swift; sourceTree = "<group>"; };
		9AFE171A2A86364400F60F85 /* Constants.swift */ = {isa = PBXFileReference; lastKnownFileType = sourcecode.swift; path = Constants.swift; sourceTree = "<group>"; };
		9AFE171F2A863B2C00F60F85 /* APIClient.swift */ = {isa = PBXFileReference; lastKnownFileType = sourcecode.swift; path = APIClient.swift; sourceTree = "<group>"; };
		9AFE17212A86684300F60F85 /* CustomerModel.swift */ = {isa = PBXFileReference; lastKnownFileType = sourcecode.swift; path = CustomerModel.swift; sourceTree = "<group>"; };
/* End PBXFileReference section */

/* Begin PBXFrameworksBuildPhase section */
		9A4E6F372A78300F003DF923 /* Frameworks */ = {
			isa = PBXFrameworksBuildPhase;
			buildActionMask = 2147483647;
			files = (
				9A7003FE2A80C6BB00FC2094 /* Security.framework in Frameworks */,
				0B001C22901BE9AEFAB78120 /* Pods_BrificLoodos.framework in Frameworks */,
			);
			runOnlyForDeploymentPostprocessing = 0;
		};
		9A6715002A8CBDD700EFC9CB /* Frameworks */ = {
			isa = PBXFrameworksBuildPhase;
			buildActionMask = 2147483647;
			files = (
			);
			runOnlyForDeploymentPostprocessing = 0;
		};
/* End PBXFrameworksBuildPhase section */

/* Begin PBXGroup section */
		17D0985C04BB3EFCB359D89E /* Pods */ = {
			isa = PBXGroup;
			children = (
				7520A6445E3A4981A5ADFB10 /* Pods-BrificLoodos.debug.xcconfig */,
				634ED45B926F053455BEF2C0 /* Pods-BrificLoodos.release.xcconfig */,
			);
			path = Pods;
			sourceTree = "<group>";
		};
		909FB3625505641043737BCF /* Frameworks */ = {
			isa = PBXGroup;
			children = (
				9A7003FD2A80C6BB00FC2094 /* Security.framework */,
				5AEB66091F350C1AD5486BB6 /* Pods_BrificLoodos.framework */,
			);
			name = Frameworks;
			sourceTree = "<group>";
		};
		9A232CC22A822EDA00034FF6 /* BrificNotAdded */ = {
			isa = PBXGroup;
			children = (
				9A232CC42A8230F700034FF6 /* AddedMyBrificViewController.swift */,
				9A232CC52A8230F700034FF6 /* AddedMyBrificViewController.xib */,
			);
			path = BrificNotAdded;
			sourceTree = "<group>";
		};
		9A232CC32A822EDD00034FF6 /* BrificAdded */ = {
			isa = PBXGroup;
			children = (
				9A7004072A81308A00FC2094 /* MyBrificViewController.swift */,
				9A7004082A81308A00FC2094 /* MyBrificViewController.xib */,
			);
			path = BrificAdded;
			sourceTree = "<group>";
		};
		9A4E6F312A78300F003DF923 = {
			isa = PBXGroup;
			children = (
				9A4E6F3C2A78300F003DF923 /* BrificLoodos */,
				9A6715042A8CBDD700EFC9CB /* BrificLoodosTests */,
				9A4E6F3B2A78300F003DF923 /* Products */,
				17D0985C04BB3EFCB359D89E /* Pods */,
				909FB3625505641043737BCF /* Frameworks */,
			);
			sourceTree = "<group>";
		};
		9A4E6F3B2A78300F003DF923 /* Products */ = {
			isa = PBXGroup;
			children = (
				9A4E6F3A2A78300F003DF923 /* BrificLoodos.app */,
				9A6715032A8CBDD700EFC9CB /* BrificLoodosTests.xctest */,
			);
			name = Products;
			sourceTree = "<group>";
		};
		9A4E6F3C2A78300F003DF923 /* BrificLoodos */ = {
			isa = PBXGroup;
			children = (
				9A7004022A8114ED00FC2094 /* Extension */,
				9A4E6F5E2A7836CC003DF923 /* Assets */,
				9A7003FF2A80C6DE00FC2094 /* Auth */,
				9A4E6F512A7832F4003DF923 /* Main */,
				9A4E6F482A783013003DF923 /* LaunchScreen.storyboard */,
				9A4E6F4B2A783013003DF923 /* Info.plist */,
			);
			path = BrificLoodos;
			sourceTree = "<group>";
		};
		9A4E6F512A7832F4003DF923 /* Main */ = {
			isa = PBXGroup;
			children = (
				9ACD6DC12A8B72500058AF08 /* Manager */,
				9ACD6DBB2A8A45700058AF08 /* User */,
				9AFE171C2A863AAB00F60F85 /* Model */,
				9A8C5F3A2A7D2E3A001E5818 /* Service */,
				9A4E6F5D2A7836BE003DF923 /* App */,
				9A4E6F572A78365A003DF923 /* Core */,
			);
			path = Main;
			sourceTree = "<group>";
		};
		9A4E6F572A78365A003DF923 /* Core */ = {
			isa = PBXGroup;
			children = (
				9A9D896D2A79B08500C69BD8 /* Components */,
				9A9D895B2A79804E00C69BD8 /* TabBar */,
				9A4E6F642A7838F1003DF923 /* Screens */,
			);
			path = Core;
			sourceTree = "<group>";
		};
		9A4E6F582A783664003DF923 /* Home */ = {
			isa = PBXGroup;
			children = (
				9A4E6F652A783D52003DF923 /* HomeViewController.swift */,
				9A4E6F662A783D52003DF923 /* HomeViewController.xib */,
			);
			path = Home;
			sourceTree = "<group>";
		};
		9A4E6F592A783672003DF923 /* Social */ = {
			isa = PBXGroup;
			children = (
				9A4E6F752A783D83003DF923 /* SocialViewController.swift */,
				9A4E6F762A783D83003DF923 /* SocialViewController.xib */,
			);
			path = Social;
			sourceTree = "<group>";
		};
		9A4E6F5A2A783674003DF923 /* Map */ = {
			isa = PBXGroup;
			children = (
				9A4E6F712A783D76003DF923 /* MapViewController.swift */,
				9A4E6F722A783D76003DF923 /* MapViewController.xib */,
			);
			path = Map;
			sourceTree = "<group>";
		};
		9A4E6F5B2A7836A4003DF923 /* Profile */ = {
			isa = PBXGroup;
			children = (
				9A7004052A81305900FC2094 /* ProfileMenus */,
				9A9D89842A7B86DA00C69BD8 /* EditProfile */,
				9A9D89832A7B86CD00C69BD8 /* MainProfile */,
			);
			path = Profile;
			sourceTree = "<group>";
		};
		9A4E6F5C2A7836AB003DF923 /* Market */ = {
			isa = PBXGroup;
			children = (
				9A4E6F692A783D5D003DF923 /* MarketViewController.swift */,
				9A4E6F6A2A783D5D003DF923 /* MarketViewController.xib */,
			);
			path = Market;
			sourceTree = "<group>";
		};
		9A4E6F5D2A7836BE003DF923 /* App */ = {
			isa = PBXGroup;
			children = (
				9A4E6F3D2A78300F003DF923 /* AppDelegate.swift */,
				9A4E6F3F2A78300F003DF923 /* SceneDelegate.swift */,
			);
			path = App;
			sourceTree = "<group>";
		};
		9A4E6F5E2A7836CC003DF923 /* Assets */ = {
			isa = PBXGroup;
			children = (
				9A9D89812A7AE25100C69BD8 /* Poppins-Regular.ttf */,
				9A9D897F2A7AE0E500C69BD8 /* Poppins-Medium.ttf */,
				9A9D897D2A7AE0D900C69BD8 /* Poppins-SemiBold.ttf */,
				9A232CC02A82239F00034FF6 /* AppAssets.xcassets */,
			);
			path = Assets;
			sourceTree = "<group>";
		};
		9A4E6F642A7838F1003DF923 /* Screens */ = {
			isa = PBXGroup;
			children = (
				9A4E6F5B2A7836A4003DF923 /* Profile */,
				9A4E6F592A783672003DF923 /* Social */,
				9A4E6F5A2A783674003DF923 /* Map */,
				9A4E6F5C2A7836AB003DF923 /* Market */,
				9A4E6F582A783664003DF923 /* Home */,
			);
			path = Screens;
			sourceTree = "<group>";
		};
		9A61B6F52A84C89500A55281 /* LightButtonCell */ = {
			isa = PBXGroup;
			children = (
				9A61B6F62A84C8AE00A55281 /* LightButtonCollectionViewCell.swift */,
				9A61B6F72A84C8AE00A55281 /* LightButtonCollectionViewCell.xib */,
			);
			path = LightButtonCell;
			sourceTree = "<group>";
		};
		9A61B6FA2A84CF9900A55281 /* CollectionTableCells */ = {
			isa = PBXGroup;
			children = (
				9A61B6FB2A84CFB700A55281 /* CollectionTableCellCollectionViewCell.swift */,
				9A61B6FC2A84CFB700A55281 /* CollectionTableCellCollectionViewCell.xib */,
			);
			path = CollectionTableCells;
			sourceTree = "<group>";
		};
		9A6715042A8CBDD700EFC9CB /* BrificLoodosTests */ = {
			isa = PBXGroup;
			children = (
				9A6715052A8CBDD700EFC9CB /* BrificLoodosTests.swift */,
				9A67150C2A8CC70500EFC9CB /* EmailValidatorExtensionTest.swift */,
			);
			path = BrificLoodosTests;
			sourceTree = "<group>";
		};
		9A7003FF2A80C6DE00FC2094 /* Auth */ = {
			isa = PBXGroup;
			children = (
			);
			path = Auth;
			sourceTree = "<group>";
		};
		9A7004022A8114ED00FC2094 /* Extension */ = {
			isa = PBXGroup;
			children = (
				9A7004032A8114FA00FC2094 /* KeyboardExtension.swift */,
				9A67150E2A8CEBDC00EFC9CB /* EmailValidatorExtension.swift */,
			);
			path = Extension;
			sourceTree = "<group>";
		};
		9A7004052A81305900FC2094 /* ProfileMenus */ = {
			isa = PBXGroup;
			children = (
				9A7004062A81306F00FC2094 /* MyBrific */,
			);
			path = ProfileMenus;
			sourceTree = "<group>";
		};
		9A7004062A81306F00FC2094 /* MyBrific */ = {
			isa = PBXGroup;
			children = (
				9A232CC32A822EDD00034FF6 /* BrificAdded */,
				9A232CC22A822EDA00034FF6 /* BrificNotAdded */,
			);
			path = MyBrific;
			sourceTree = "<group>";
		};
		9A8C5F3A2A7D2E3A001E5818 /* Service */ = {
			isa = PBXGroup;
			children = (
				9ACD6DBE2A8B66EE0058AF08 /* Repo */,
				9AFE171A2A86364400F60F85 /* Constants.swift */,
				9AFE17182A86212600F60F85 /* APIRouter.swift */,
				9AFE171F2A863B2C00F60F85 /* APIClient.swift */,
			);
			name = Service;
			path = "Servcşe";
			sourceTree = "<group>";
		};
		9A9D895B2A79804E00C69BD8 /* TabBar */ = {
			isa = PBXGroup;
			children = (
				9A9D89652A79915C00C69BD8 /* CustomTabBar.swift */,
				9A9D89672A7991A300C69BD8 /* TabBarViewController.swift */,
			);
			path = TabBar;
			sourceTree = "<group>";
		};
		9A9D896D2A79B08500C69BD8 /* Components */ = {
			isa = PBXGroup;
			children = (
				9AD86CA22A85194F009676AA /* CollectionRemoveButton */,
				9AD86C9D2A85169A009676AA /* CollectionFooter */,
				9AD86C982A850386009676AA /* CollectionViewButton */,
				9AADBB252A836ECB0002877B /* CollectionViewCell */,
				9AADBB242A836EC50002877B /* TableViewCell */,
			);
			path = Components;
			sourceTree = "<group>";
		};
		9A9D89832A7B86CD00C69BD8 /* MainProfile */ = {
			isa = PBXGroup;
			children = (
				9A4E6F6D2A783D69003DF923 /* ProfileViiewController.swift */,
				9A4E6F6E2A783D6A003DF923 /* ProfileViiewController.xib */,
			);
			path = MainProfile;
			sourceTree = "<group>";
		};
		9A9D89842A7B86DA00C69BD8 /* EditProfile */ = {
			isa = PBXGroup;
			children = (
				9A9D89872A7B870D00C69BD8 /* EditProfileViewController.swift */,
				9A9D89882A7B870D00C69BD8 /* EditProfileViewController.xib */,
			);
			path = EditProfile;
			sourceTree = "<group>";
		};
		9AADBB242A836EC50002877B /* TableViewCell */ = {
			isa = PBXGroup;
			children = (
				9A9D89702A79B0CA00C69BD8 /* CustomTableViewCell.swift */,
				9A9D89712A79B0CA00C69BD8 /* CustomTableViewCell.xib */,
			);
			path = TableViewCell;
			sourceTree = "<group>";
		};
		9AADBB252A836ECB0002877B /* CollectionViewCell */ = {
			isa = PBXGroup;
			children = (
				9A61B6FA2A84CF9900A55281 /* CollectionTableCells */,
				9A61B6F52A84C89500A55281 /* LightButtonCell */,
				9AADBB302A83BBCF0002877B /* ThirdCell */,
				9AADBB2B2A83A8E50002877B /* SecondCell */,
				9AADBB2A2A83A8D40002877B /* FirstCell */,
			);
			path = CollectionViewCell;
			sourceTree = "<group>";
		};
		9AADBB2A2A83A8D40002877B /* FirstCell */ = {
			isa = PBXGroup;
			children = (
				9AADBB262A836F480002877B /* PropertiesCollectionViewCell.swift */,
				9AADBB272A836F480002877B /* PropertiesCollectionViewCell.xib */,
			);
			path = FirstCell;
			sourceTree = "<group>";
		};
		9AADBB2B2A83A8E50002877B /* SecondCell */ = {
			isa = PBXGroup;
			children = (
				9AADBB2C2A83A93E0002877B /* DrivingModeCollectionViewCell.swift */,
				9AADBB2D2A83A93E0002877B /* DrivingModeCollectionViewCell.xib */,
			);
			path = SecondCell;
			sourceTree = "<group>";
		};
		9AADBB302A83BBCF0002877B /* ThirdCell */ = {
			isa = PBXGroup;
			children = (
				9AADBB352A83BC370002877B /* BrificUnitsCollectionViewCell.swift */,
				9AADBB362A83BC370002877B /* BrificUnitsCollectionViewCell.xib */,
			);
			path = ThirdCell;
			sourceTree = "<group>";
		};
		9ACD6DBB2A8A45700058AF08 /* User */ = {
			isa = PBXGroup;
			children = (
				9ACD6DBC2A8A459D0058AF08 /* User.swift */,
			);
			path = User;
			sourceTree = "<group>";
		};
		9ACD6DBE2A8B66EE0058AF08 /* Repo */ = {
			isa = PBXGroup;
			children = (
				9ACD6DBF2A8B67090058AF08 /* UserRepository.swift */,
			);
			path = Repo;
			sourceTree = "<group>";
		};
		9ACD6DC12A8B72500058AF08 /* Manager */ = {
			isa = PBXGroup;
			children = (
				9ACD6DC22A8B72590058AF08 /* UserManager.swift */,
			);
			path = Manager;
			sourceTree = "<group>";
		};
		9AD86C982A850386009676AA /* CollectionViewButton */ = {
			isa = PBXGroup;
			children = (
				9AD86C992A8503A1009676AA /* ButtonCollectionViewCell.swift */,
				9AD86C9A2A8503A1009676AA /* ButtonCollectionViewCell.xib */,
			);
			path = CollectionViewButton;
			sourceTree = "<group>";
		};
		9AD86C9D2A85169A009676AA /* CollectionFooter */ = {
			isa = PBXGroup;
			children = (
				9AD86C9E2A8516B0009676AA /* FooterCollectionViewCell.swift */,
				9AD86C9F2A8516B0009676AA /* FooterCollectionViewCell.xib */,
			);
			path = CollectionFooter;
			sourceTree = "<group>";
		};
		9AD86CA22A85194F009676AA /* CollectionRemoveButton */ = {
			isa = PBXGroup;
			children = (
				9AD86CA32A851969009676AA /* RemoveButtonCollectionViewCell.swift */,
				9AD86CA42A851969009676AA /* RemoveButtonCollectionViewCell.xib */,
			);
			path = CollectionRemoveButton;
			sourceTree = "<group>";
		};
		9AFE171C2A863AAB00F60F85 /* Model */ = {
			isa = PBXGroup;
			children = (
				9AFE17212A86684300F60F85 /* CustomerModel.swift */,
				9ACD6DB92A8A19D40058AF08 /* ProductModel.swift */,
			);
			path = Model;
			sourceTree = "<group>";
		};
/* End PBXGroup section */

/* Begin PBXNativeTarget section */
		9A4E6F392A78300F003DF923 /* BrificLoodos */ = {
			isa = PBXNativeTarget;
			buildConfigurationList = 9A4E6F4E2A783013003DF923 /* Build configuration list for PBXNativeTarget "BrificLoodos" */;
			buildPhases = (
				C532D242D04DBA72879DFCA0 /* [CP] Check Pods Manifest.lock */,
				9A4E6F362A78300F003DF923 /* Sources */,
				9A4E6F372A78300F003DF923 /* Frameworks */,
				9A4E6F382A78300F003DF923 /* Resources */,
				46BA4F0DBB0C7E8599BF9755 /* [CP] Embed Pods Frameworks */,
			);
			buildRules = (
			);
			dependencies = (
			);
			name = BrificLoodos;
			productName = BrificLoodos;
			productReference = 9A4E6F3A2A78300F003DF923 /* BrificLoodos.app */;
			productType = "com.apple.product-type.application";
		};
		9A6715022A8CBDD700EFC9CB /* BrificLoodosTests */ = {
			isa = PBXNativeTarget;
			buildConfigurationList = 9A67150B2A8CBDD700EFC9CB /* Build configuration list for PBXNativeTarget "BrificLoodosTests" */;
			buildPhases = (
				9A6714FF2A8CBDD700EFC9CB /* Sources */,
				9A6715002A8CBDD700EFC9CB /* Frameworks */,
				9A6715012A8CBDD700EFC9CB /* Resources */,
			);
			buildRules = (
			);
			dependencies = (
				9A6715082A8CBDD700EFC9CB /* PBXTargetDependency */,
			);
			name = BrificLoodosTests;
			productName = BrificLoodosTests;
			productReference = 9A6715032A8CBDD700EFC9CB /* BrificLoodosTests.xctest */;
			productType = "com.apple.product-type.bundle.unit-test";
		};
/* End PBXNativeTarget section */

/* Begin PBXProject section */
		9A4E6F322A78300F003DF923 /* Project object */ = {
			isa = PBXProject;
			attributes = {
				BuildIndependentTargetsInParallel = 1;
				LastSwiftUpdateCheck = 1430;
				LastUpgradeCheck = 1430;
				TargetAttributes = {
					9A4E6F392A78300F003DF923 = {
						CreatedOnToolsVersion = 14.3.1;
					};
					9A6715022A8CBDD700EFC9CB = {
						CreatedOnToolsVersion = 14.3.1;
						TestTargetID = 9A4E6F392A78300F003DF923;
					};
				};
			};
			buildConfigurationList = 9A4E6F352A78300F003DF923 /* Build configuration list for PBXProject "BrificLoodos" */;
			compatibilityVersion = "Xcode 14.0";
			developmentRegion = en;
			hasScannedForEncodings = 0;
			knownRegions = (
				en,
				Base,
			);
			mainGroup = 9A4E6F312A78300F003DF923;
			productRefGroup = 9A4E6F3B2A78300F003DF923 /* Products */;
			projectDirPath = "";
			projectRoot = "";
			targets = (
				9A4E6F392A78300F003DF923 /* BrificLoodos */,
				9A6715022A8CBDD700EFC9CB /* BrificLoodosTests */,
			);
		};
/* End PBXProject section */

/* Begin PBXResourcesBuildPhase section */
		9A4E6F382A78300F003DF923 /* Resources */ = {
			isa = PBXResourcesBuildPhase;
			buildActionMask = 2147483647;
			files = (
				9A4E6F702A783D6A003DF923 /* ProfileViiewController.xib in Resources */,
				9A70040A2A81308A00FC2094 /* MyBrificViewController.xib in Resources */,
				9AADBB382A83BC370002877B /* BrificUnitsCollectionViewCell.xib in Resources */,
				9A232CC12A82239F00034FF6 /* AppAssets.xcassets in Resources */,
				9AADBB2F2A83A93E0002877B /* DrivingModeCollectionViewCell.xib in Resources */,
				9A4E6F4A2A783013003DF923 /* LaunchScreen.storyboard in Resources */,
				9A232CC72A8230F700034FF6 /* AddedMyBrificViewController.xib in Resources */,
				9A4E6F6C2A783D5D003DF923 /* MarketViewController.xib in Resources */,
				9A4E6F782A783D83003DF923 /* SocialViewController.xib in Resources */,
				9A61B6FE2A84CFB700A55281 /* CollectionTableCellCollectionViewCell.xib in Resources */,
				9A4E6F742A783D76003DF923 /* MapViewController.xib in Resources */,
				9A9D897E2A7AE0D900C69BD8 /* Poppins-SemiBold.ttf in Resources */,
				9AD86C9C2A8503A1009676AA /* ButtonCollectionViewCell.xib in Resources */,
				9A9D89732A79B0CA00C69BD8 /* CustomTableViewCell.xib in Resources */,
				9AADBB292A836F480002877B /* PropertiesCollectionViewCell.xib in Resources */,
				9A9D898A2A7B870D00C69BD8 /* EditProfileViewController.xib in Resources */,
				9A9D89822A7AE25100C69BD8 /* Poppins-Regular.ttf in Resources */,
				9A4E6F682A783D52003DF923 /* HomeViewController.xib in Resources */,
				9AD86CA62A851969009676AA /* RemoveButtonCollectionViewCell.xib in Resources */,
				9AD86CA12A8516B0009676AA /* FooterCollectionViewCell.xib in Resources */,
				9A9D89802A7AE0E500C69BD8 /* Poppins-Medium.ttf in Resources */,
				9A61B6F92A84C8AF00A55281 /* LightButtonCollectionViewCell.xib in Resources */,
			);
			runOnlyForDeploymentPostprocessing = 0;
		};
		9A6715012A8CBDD700EFC9CB /* Resources */ = {
			isa = PBXResourcesBuildPhase;
			buildActionMask = 2147483647;
			files = (
			);
			runOnlyForDeploymentPostprocessing = 0;
		};
/* End PBXResourcesBuildPhase section */

/* Begin PBXShellScriptBuildPhase section */
		46BA4F0DBB0C7E8599BF9755 /* [CP] Embed Pods Frameworks */ = {
			isa = PBXShellScriptBuildPhase;
			buildActionMask = 2147483647;
			files = (
			);
			inputFileListPaths = (
				"${PODS_ROOT}/Target Support Files/Pods-BrificLoodos/Pods-BrificLoodos-frameworks-${CONFIGURATION}-input-files.xcfilelist",
			);
			name = "[CP] Embed Pods Frameworks";
			outputFileListPaths = (
				"${PODS_ROOT}/Target Support Files/Pods-BrificLoodos/Pods-BrificLoodos-frameworks-${CONFIGURATION}-output-files.xcfilelist",
			);
			runOnlyForDeploymentPostprocessing = 0;
			shellPath = /bin/sh;
			shellScript = "\"${PODS_ROOT}/Target Support Files/Pods-BrificLoodos/Pods-BrificLoodos-frameworks.sh\"\n";
			showEnvVarsInLog = 0;
		};
		C532D242D04DBA72879DFCA0 /* [CP] Check Pods Manifest.lock */ = {
			isa = PBXShellScriptBuildPhase;
			buildActionMask = 2147483647;
			files = (
			);
			inputFileListPaths = (
			);
			inputPaths = (
				"${PODS_PODFILE_DIR_PATH}/Podfile.lock",
				"${PODS_ROOT}/Manifest.lock",
			);
			name = "[CP] Check Pods Manifest.lock";
			outputFileListPaths = (
			);
			outputPaths = (
				"$(DERIVED_FILE_DIR)/Pods-BrificLoodos-checkManifestLockResult.txt",
			);
			runOnlyForDeploymentPostprocessing = 0;
			shellPath = /bin/sh;
			shellScript = "diff \"${PODS_PODFILE_DIR_PATH}/Podfile.lock\" \"${PODS_ROOT}/Manifest.lock\" > /dev/null\nif [ $? != 0 ] ; then\n    # print error to STDERR\n    echo \"error: The sandbox is not in sync with the Podfile.lock. Run 'pod install' or update your CocoaPods installation.\" >&2\n    exit 1\nfi\n# This output is used by Xcode 'outputs' to avoid re-running this script phase.\necho \"SUCCESS\" > \"${SCRIPT_OUTPUT_FILE_0}\"\n";
			showEnvVarsInLog = 0;
		};
/* End PBXShellScriptBuildPhase section */

/* Begin PBXSourcesBuildPhase section */
		9A4E6F362A78300F003DF923 /* Sources */ = {
			isa = PBXSourcesBuildPhase;
			buildActionMask = 2147483647;
			files = (
				9A9D89892A7B870D00C69BD8 /* EditProfileViewController.swift in Sources */,
				9A67150F2A8CEBDD00EFC9CB /* EmailValidatorExtension.swift in Sources */,
				9AD86CA02A8516B0009676AA /* FooterCollectionViewCell.swift in Sources */,
				9A4E6F6F2A783D6A003DF923 /* ProfileViiewController.swift in Sources */,
				9AFE17192A86212600F60F85 /* APIRouter.swift in Sources */,
				9A7004092A81308A00FC2094 /* MyBrificViewController.swift in Sources */,
				9ACD6DC02A8B67090058AF08 /* UserRepository.swift in Sources */,
				9AADBB2E2A83A93E0002877B /* DrivingModeCollectionViewCell.swift in Sources */,
				9A4E6F3E2A78300F003DF923 /* AppDelegate.swift in Sources */,
				9AFE171B2A86364400F60F85 /* Constants.swift in Sources */,
				9AADBB372A83BC370002877B /* BrificUnitsCollectionViewCell.swift in Sources */,
				9A4E6F6B2A783D5D003DF923 /* MarketViewController.swift in Sources */,
				9AD86CA52A851969009676AA /* RemoveButtonCollectionViewCell.swift in Sources */,
				9A9D89662A79915C00C69BD8 /* CustomTabBar.swift in Sources */,
				9A232CC62A8230F700034FF6 /* AddedMyBrificViewController.swift in Sources */,
				9A61B6FD2A84CFB700A55281 /* CollectionTableCellCollectionViewCell.swift in Sources */,
				9AD86C9B2A8503A1009676AA /* ButtonCollectionViewCell.swift in Sources */,
				9AFE17202A863B2C00F60F85 /* APIClient.swift in Sources */,
				9AFE17222A86684300F60F85 /* CustomerModel.swift in Sources */,
				9ACD6DC32A8B72590058AF08 /* UserManager.swift in Sources */,
				9A9D89692A7991A300C69BD8 /* TabBarViewController.swift in Sources */,
				9ACD6DBA2A8A19D40058AF08 /* ProductModel.swift in Sources */,
				9A4E6F402A78300F003DF923 /* SceneDelegate.swift in Sources */,
				9ACD6DBD2A8A459D0058AF08 /* User.swift in Sources */,
				9A7004042A8114FA00FC2094 /* KeyboardExtension.swift in Sources */,
				9A61B6F82A84C8AE00A55281 /* LightButtonCollectionViewCell.swift in Sources */,
				9A9D89722A79B0CA00C69BD8 /* CustomTableViewCell.swift in Sources */,
				9A4E6F672A783D52003DF923 /* HomeViewController.swift in Sources */,
				9AADBB282A836F480002877B /* PropertiesCollectionViewCell.swift in Sources */,
				9A4E6F732A783D76003DF923 /* MapViewController.swift in Sources */,
				9A4E6F772A783D83003DF923 /* SocialViewController.swift in Sources */,
			);
			runOnlyForDeploymentPostprocessing = 0;
		};
		9A6714FF2A8CBDD700EFC9CB /* Sources */ = {
			isa = PBXSourcesBuildPhase;
			buildActionMask = 2147483647;
			files = (
				9A67150D2A8CC70500EFC9CB /* EmailValidatorExtensionTest.swift in Sources */,
				9A6715062A8CBDD700EFC9CB /* BrificLoodosTests.swift in Sources */,
			);
			runOnlyForDeploymentPostprocessing = 0;
		};
/* End PBXSourcesBuildPhase section */

/* Begin PBXTargetDependency section */
		9A6715082A8CBDD700EFC9CB /* PBXTargetDependency */ = {
			isa = PBXTargetDependency;
			target = 9A4E6F392A78300F003DF923 /* BrificLoodos */;
			targetProxy = 9A6715072A8CBDD700EFC9CB /* PBXContainerItemProxy */;
		};
/* End PBXTargetDependency section */

/* Begin PBXVariantGroup section */
		9A4E6F482A783013003DF923 /* LaunchScreen.storyboard */ = {
			isa = PBXVariantGroup;
			children = (
				9A4E6F492A783013003DF923 /* Base */,
			);
			name = LaunchScreen.storyboard;
			sourceTree = "<group>";
		};
/* End PBXVariantGroup section */

/* Begin XCBuildConfiguration section */
		9A4E6F4C2A783013003DF923 /* Debug */ = {
			isa = XCBuildConfiguration;
			buildSettings = {
				ALWAYS_SEARCH_USER_PATHS = NO;
				CLANG_ANALYZER_NONNULL = YES;
				CLANG_ANALYZER_NUMBER_OBJECT_CONVERSION = YES_AGGRESSIVE;
				CLANG_CXX_LANGUAGE_STANDARD = "gnu++20";
				CLANG_ENABLE_MODULES = YES;
				CLANG_ENABLE_OBJC_ARC = YES;
				CLANG_ENABLE_OBJC_WEAK = YES;
				CLANG_WARN_BLOCK_CAPTURE_AUTORELEASING = YES;
				CLANG_WARN_BOOL_CONVERSION = YES;
				CLANG_WARN_COMMA = YES;
				CLANG_WARN_CONSTANT_CONVERSION = YES;
				CLANG_WARN_DEPRECATED_OBJC_IMPLEMENTATIONS = YES;
				CLANG_WARN_DIRECT_OBJC_ISA_USAGE = YES_ERROR;
				CLANG_WARN_DOCUMENTATION_COMMENTS = YES;
				CLANG_WARN_EMPTY_BODY = YES;
				CLANG_WARN_ENUM_CONVERSION = YES;
				CLANG_WARN_INFINITE_RECURSION = YES;
				CLANG_WARN_INT_CONVERSION = YES;
				CLANG_WARN_NON_LITERAL_NULL_CONVERSION = YES;
				CLANG_WARN_OBJC_IMPLICIT_RETAIN_SELF = YES;
				CLANG_WARN_OBJC_LITERAL_CONVERSION = YES;
				CLANG_WARN_OBJC_ROOT_CLASS = YES_ERROR;
				CLANG_WARN_QUOTED_INCLUDE_IN_FRAMEWORK_HEADER = YES;
				CLANG_WARN_RANGE_LOOP_ANALYSIS = YES;
				CLANG_WARN_STRICT_PROTOTYPES = YES;
				CLANG_WARN_SUSPICIOUS_MOVE = YES;
				CLANG_WARN_UNGUARDED_AVAILABILITY = YES_AGGRESSIVE;
				CLANG_WARN_UNREACHABLE_CODE = YES;
				CLANG_WARN__DUPLICATE_METHOD_MATCH = YES;
				COPY_PHASE_STRIP = NO;
				DEBUG_INFORMATION_FORMAT = dwarf;
				ENABLE_STRICT_OBJC_MSGSEND = YES;
				ENABLE_TESTABILITY = YES;
				GCC_C_LANGUAGE_STANDARD = gnu11;
				GCC_DYNAMIC_NO_PIC = NO;
				GCC_NO_COMMON_BLOCKS = YES;
				GCC_OPTIMIZATION_LEVEL = 0;
				GCC_PREPROCESSOR_DEFINITIONS = (
					"DEBUG=1",
					"$(inherited)",
				);
				GCC_WARN_64_TO_32_BIT_CONVERSION = YES;
				GCC_WARN_ABOUT_RETURN_TYPE = YES_ERROR;
				GCC_WARN_UNDECLARED_SELECTOR = YES;
				GCC_WARN_UNINITIALIZED_AUTOS = YES_AGGRESSIVE;
				GCC_WARN_UNUSED_FUNCTION = YES;
				GCC_WARN_UNUSED_VARIABLE = YES;
				IPHONEOS_DEPLOYMENT_TARGET = 16.4;
				MTL_ENABLE_DEBUG_INFO = INCLUDE_SOURCE;
				MTL_FAST_MATH = YES;
				ONLY_ACTIVE_ARCH = YES;
				SDKROOT = iphoneos;
				SWIFT_ACTIVE_COMPILATION_CONDITIONS = DEBUG;
				SWIFT_OPTIMIZATION_LEVEL = "-Onone";
			};
			name = Debug;
		};
		9A4E6F4D2A783013003DF923 /* Release */ = {
			isa = XCBuildConfiguration;
			buildSettings = {
				ALWAYS_SEARCH_USER_PATHS = NO;
				CLANG_ANALYZER_NONNULL = YES;
				CLANG_ANALYZER_NUMBER_OBJECT_CONVERSION = YES_AGGRESSIVE;
				CLANG_CXX_LANGUAGE_STANDARD = "gnu++20";
				CLANG_ENABLE_MODULES = YES;
				CLANG_ENABLE_OBJC_ARC = YES;
				CLANG_ENABLE_OBJC_WEAK = YES;
				CLANG_WARN_BLOCK_CAPTURE_AUTORELEASING = YES;
				CLANG_WARN_BOOL_CONVERSION = YES;
				CLANG_WARN_COMMA = YES;
				CLANG_WARN_CONSTANT_CONVERSION = YES;
				CLANG_WARN_DEPRECATED_OBJC_IMPLEMENTATIONS = YES;
				CLANG_WARN_DIRECT_OBJC_ISA_USAGE = YES_ERROR;
				CLANG_WARN_DOCUMENTATION_COMMENTS = YES;
				CLANG_WARN_EMPTY_BODY = YES;
				CLANG_WARN_ENUM_CONVERSION = YES;
				CLANG_WARN_INFINITE_RECURSION = YES;
				CLANG_WARN_INT_CONVERSION = YES;
				CLANG_WARN_NON_LITERAL_NULL_CONVERSION = YES;
				CLANG_WARN_OBJC_IMPLICIT_RETAIN_SELF = YES;
				CLANG_WARN_OBJC_LITERAL_CONVERSION = YES;
				CLANG_WARN_OBJC_ROOT_CLASS = YES_ERROR;
				CLANG_WARN_QUOTED_INCLUDE_IN_FRAMEWORK_HEADER = YES;
				CLANG_WARN_RANGE_LOOP_ANALYSIS = YES;
				CLANG_WARN_STRICT_PROTOTYPES = YES;
				CLANG_WARN_SUSPICIOUS_MOVE = YES;
				CLANG_WARN_UNGUARDED_AVAILABILITY = YES_AGGRESSIVE;
				CLANG_WARN_UNREACHABLE_CODE = YES;
				CLANG_WARN__DUPLICATE_METHOD_MATCH = YES;
				COPY_PHASE_STRIP = NO;
				DEBUG_INFORMATION_FORMAT = "dwarf-with-dsym";
				ENABLE_NS_ASSERTIONS = NO;
				ENABLE_STRICT_OBJC_MSGSEND = YES;
				GCC_C_LANGUAGE_STANDARD = gnu11;
				GCC_NO_COMMON_BLOCKS = YES;
				GCC_WARN_64_TO_32_BIT_CONVERSION = YES;
				GCC_WARN_ABOUT_RETURN_TYPE = YES_ERROR;
				GCC_WARN_UNDECLARED_SELECTOR = YES;
				GCC_WARN_UNINITIALIZED_AUTOS = YES_AGGRESSIVE;
				GCC_WARN_UNUSED_FUNCTION = YES;
				GCC_WARN_UNUSED_VARIABLE = YES;
				IPHONEOS_DEPLOYMENT_TARGET = 16.4;
				MTL_ENABLE_DEBUG_INFO = NO;
				MTL_FAST_MATH = YES;
				SDKROOT = iphoneos;
				SWIFT_COMPILATION_MODE = wholemodule;
				SWIFT_OPTIMIZATION_LEVEL = "-O";
				VALIDATE_PRODUCT = YES;
			};
			name = Release;
		};
		9A4E6F4F2A783013003DF923 /* Debug */ = {
			isa = XCBuildConfiguration;
			baseConfigurationReference = 7520A6445E3A4981A5ADFB10 /* Pods-BrificLoodos.debug.xcconfig */;
			buildSettings = {
				ASSETCATALOG_COMPILER_APPICON_NAME = AppIcon;
				ASSETCATALOG_COMPILER_GLOBAL_ACCENT_COLOR_NAME = AccentColor;
				CODE_SIGN_STYLE = Automatic;
				CURRENT_PROJECT_VERSION = 1;
				DEVELOPMENT_TEAM = 5T5Z6BBS7B;
				GENERATE_INFOPLIST_FILE = YES;
				INFOPLIST_FILE = BrificLoodos/Info.plist;
				INFOPLIST_KEY_CFBundleDisplayName = Brific;
				INFOPLIST_KEY_UIApplicationSupportsIndirectInputEvents = YES;
				INFOPLIST_KEY_UILaunchStoryboardName = LaunchScreen;
				INFOPLIST_KEY_UISupportedInterfaceOrientations = UIInterfaceOrientationPortrait;
				INFOPLIST_KEY_UISupportedInterfaceOrientations_iPad = "UIInterfaceOrientationLandscapeLeft UIInterfaceOrientationLandscapeRight UIInterfaceOrientationPortrait UIInterfaceOrientationPortraitUpsideDown";
				IPHONEOS_DEPLOYMENT_TARGET = 14.0;
				LD_RUNPATH_SEARCH_PATHS = (
					"$(inherited)",
					"@executable_path/Frameworks",
				);
				MARKETING_VERSION = 1.0.1;
				PRODUCT_BUNDLE_IDENTIFIER = com.erkutter.BrificLoodos;
				PRODUCT_NAME = "$(TARGET_NAME)";
				SUPPORTED_PLATFORMS = "iphoneos iphonesimulator";
				SUPPORTS_MACCATALYST = NO;
				SUPPORTS_MAC_DESIGNED_FOR_IPHONE_IPAD = NO;
				SWIFT_EMIT_LOC_STRINGS = YES;
				SWIFT_VERSION = 5.0;
				TARGETED_DEVICE_FAMILY = 1;
			};
			name = Debug;
		};
		9A4E6F502A783013003DF923 /* Release */ = {
			isa = XCBuildConfiguration;
			baseConfigurationReference = 634ED45B926F053455BEF2C0 /* Pods-BrificLoodos.release.xcconfig */;
			buildSettings = {
				ASSETCATALOG_COMPILER_APPICON_NAME = AppIcon;
				ASSETCATALOG_COMPILER_GLOBAL_ACCENT_COLOR_NAME = AccentColor;
				CODE_SIGN_STYLE = Automatic;
				CURRENT_PROJECT_VERSION = 1;
				DEVELOPMENT_TEAM = 5T5Z6BBS7B;
				GENERATE_INFOPLIST_FILE = YES;
				INFOPLIST_FILE = BrificLoodos/Info.plist;
				INFOPLIST_KEY_CFBundleDisplayName = Brific;
				INFOPLIST_KEY_UIApplicationSupportsIndirectInputEvents = YES;
				INFOPLIST_KEY_UILaunchStoryboardName = LaunchScreen;
				INFOPLIST_KEY_UISupportedInterfaceOrientations = UIInterfaceOrientationPortrait;
				INFOPLIST_KEY_UISupportedInterfaceOrientations_iPad = "UIInterfaceOrientationLandscapeLeft UIInterfaceOrientationLandscapeRight UIInterfaceOrientationPortrait UIInterfaceOrientationPortraitUpsideDown";
				IPHONEOS_DEPLOYMENT_TARGET = 14.0;
				LD_RUNPATH_SEARCH_PATHS = (
					"$(inherited)",
					"@executable_path/Frameworks",
				);
				MARKETING_VERSION = 1.0.1;
				PRODUCT_BUNDLE_IDENTIFIER = com.erkutter.BrificLoodos;
				PRODUCT_NAME = "$(TARGET_NAME)";
				SUPPORTED_PLATFORMS = "iphoneos iphonesimulator";
				SUPPORTS_MACCATALYST = NO;
				SUPPORTS_MAC_DESIGNED_FOR_IPHONE_IPAD = NO;
				SWIFT_EMIT_LOC_STRINGS = YES;
				SWIFT_VERSION = 5.0;
				TARGETED_DEVICE_FAMILY = 1;
			};
			name = Release;
		};
		9A6715092A8CBDD700EFC9CB /* Debug */ = {
			isa = XCBuildConfiguration;
			buildSettings = {
				BUNDLE_LOADER = "$(TEST_HOST)";
				CODE_SIGN_STYLE = Automatic;
				CURRENT_PROJECT_VERSION = 1;
				GENERATE_INFOPLIST_FILE = YES;
				MARKETING_VERSION = 1.0;
				PRODUCT_BUNDLE_IDENTIFIER = com.erkutter.BrificLoodosTests;
				PRODUCT_NAME = "$(TARGET_NAME)";
				SWIFT_EMIT_LOC_STRINGS = NO;
				SWIFT_VERSION = 5.0;
				TARGETED_DEVICE_FAMILY = "1,2";
				TEST_HOST = "$(BUILT_PRODUCTS_DIR)/BrificLoodos.app/$(BUNDLE_EXECUTABLE_FOLDER_PATH)/BrificLoodos";
			};
			name = Debug;
		};
		9A67150A2A8CBDD700EFC9CB /* Release */ = {
			isa = XCBuildConfiguration;
			buildSettings = {
				BUNDLE_LOADER = "$(TEST_HOST)";
				CODE_SIGN_STYLE = Automatic;
				CURRENT_PROJECT_VERSION = 1;
				GENERATE_INFOPLIST_FILE = YES;
				MARKETING_VERSION = 1.0;
				PRODUCT_BUNDLE_IDENTIFIER = com.erkutter.BrificLoodosTests;
				PRODUCT_NAME = "$(TARGET_NAME)";
				SWIFT_EMIT_LOC_STRINGS = NO;
				SWIFT_VERSION = 5.0;
				TARGETED_DEVICE_FAMILY = "1,2";
				TEST_HOST = "$(BUILT_PRODUCTS_DIR)/BrificLoodos.app/$(BUNDLE_EXECUTABLE_FOLDER_PATH)/BrificLoodos";
			};
			name = Release;
		};
/* End XCBuildConfiguration section */

/* Begin XCConfigurationList section */
		9A4E6F352A78300F003DF923 /* Build configuration list for PBXProject "BrificLoodos" */ = {
			isa = XCConfigurationList;
			buildConfigurations = (
				9A4E6F4C2A783013003DF923 /* Debug */,
				9A4E6F4D2A783013003DF923 /* Release */,
			);
			defaultConfigurationIsVisible = 0;
			defaultConfigurationName = Release;
		};
		9A4E6F4E2A783013003DF923 /* Build configuration list for PBXNativeTarget "BrificLoodos" */ = {
			isa = XCConfigurationList;
			buildConfigurations = (
				9A4E6F4F2A783013003DF923 /* Debug */,
				9A4E6F502A783013003DF923 /* Release */,
			);
			defaultConfigurationIsVisible = 0;
			defaultConfigurationName = Release;
		};
		9A67150B2A8CBDD700EFC9CB /* Build configuration list for PBXNativeTarget "BrificLoodosTests" */ = {
			isa = XCConfigurationList;
			buildConfigurations = (
				9A6715092A8CBDD700EFC9CB /* Debug */,
				9A67150A2A8CBDD700EFC9CB /* Release */,
			);
			defaultConfigurationIsVisible = 0;
			defaultConfigurationName = Release;
		};
/* End XCConfigurationList section */
	};
	rootObject = 9A4E6F322A78300F003DF923 /* Project object */;
}
