// !$*UTF8*$!
{
	archiveVersion = 1;
	classes = {
	};
	objectVersion = 56;
	objects = {

/* Begin PBXBuildFile section */
		9A4E6F3E2A78300F003DF923 /* AppDelegate.swift in Sources */ = {isa = PBXBuildFile; fileRef = 9A4E6F3D2A78300F003DF923 /* AppDelegate.swift */; };
		9A4E6F402A78300F003DF923 /* SceneDelegate.swift in Sources */ = {isa = PBXBuildFile; fileRef = 9A4E6F3F2A78300F003DF923 /* SceneDelegate.swift */; };
		9A4E6F4A2A783013003DF923 /* LaunchScreen.storyboard in Resources */ = {isa = PBXBuildFile; fileRef = 9A4E6F482A783013003DF923 /* LaunchScreen.storyboard */; };
		9A4E6F672A783D52003DF923 /* HomeViewController.swift in Sources */ = {isa = PBXBuildFile; fileRef = 9A4E6F652A783D52003DF923 /* HomeViewController.swift */; };
		9A4E6F682A783D52003DF923 /* HomeViewController.xib in Resources */ = {isa = PBXBuildFile; fileRef = 9A4E6F662A783D52003DF923 /* HomeViewController.xib */; };
		9A4E6F6B2A783D5D003DF923 /* MarketViewController.swift in Sources */ = {isa = PBXBuildFile; fileRef = 9A4E6F692A783D5D003DF923 /* MarketViewController.swift */; };
		9A4E6F6C2A783D5D003DF923 /* MarketViewController.xib in Resources */ = {isa = PBXBuildFile; fileRef = 9A4E6F6A2A783D5D003DF923 /* MarketViewController.xib */; };
		9A4E6F6F2A783D6A003DF923 /* ProfileViiewController.swift in Sources */ = {isa = PBXBuildFile; fileRef = 9A4E6F6D2A783D69003DF923 /* ProfileViiewController.swift */; };
		9A4E6F702A783D6A003DF923 /* ProfileViiewController.xib in Resources */ = {isa = PBXBuildFile; fileRef = 9A4E6F6E2A783D6A003DF923 /* ProfileViiewController.xib */; };
		9A4E6F732A783D76003DF923 /* MapViewController.swift in Sources */ = {isa = PBXBuildFile; fileRef = 9A4E6F712A783D76003DF923 /* MapViewController.swift */; };
		9A4E6F742A783D76003DF923 /* MapViewController.xib in Resources */ = {isa = PBXBuildFile; fileRef = 9A4E6F722A783D76003DF923 /* MapViewController.xib */; };
		9A4E6F772A783D83003DF923 /* SocialViewController.swift in Sources */ = {isa = PBXBuildFile; fileRef = 9A4E6F752A783D83003DF923 /* SocialViewController.swift */; };
		9A4E6F782A783D83003DF923 /* SocialViewController.xib in Resources */ = {isa = PBXBuildFile; fileRef = 9A4E6F762A783D83003DF923 /* SocialViewController.xib */; };
		9A9D89662A79915C00C69BD8 /* CustomTabBar.swift in Sources */ = {isa = PBXBuildFile; fileRef = 9A9D89652A79915C00C69BD8 /* CustomTabBar.swift */; };
		9A9D89692A7991A300C69BD8 /* TabBarViewController.swift in Sources */ = {isa = PBXBuildFile; fileRef = 9A9D89672A7991A300C69BD8 /* TabBarViewController.swift */; };
		9A9D896C2A79A46700C69BD8 /* Assets.xcassets in Resources */ = {isa = PBXBuildFile; fileRef = 9A9D896B2A79A46700C69BD8 /* Assets.xcassets */; };
		9A9D89722A79B0CA00C69BD8 /* CustomTableViewCell.swift in Sources */ = {isa = PBXBuildFile; fileRef = 9A9D89702A79B0CA00C69BD8 /* CustomTableViewCell.swift */; };
		9A9D89732A79B0CA00C69BD8 /* CustomTableViewCell.xib in Resources */ = {isa = PBXBuildFile; fileRef = 9A9D89712A79B0CA00C69BD8 /* CustomTableViewCell.xib */; };
		9A9D897E2A7AE0D900C69BD8 /* Poppins-SemiBold.ttf in Resources */ = {isa = PBXBuildFile; fileRef = 9A9D897D2A7AE0D900C69BD8 /* Poppins-SemiBold.ttf */; };
		9A9D89802A7AE0E500C69BD8 /* Poppins-Medium.ttf in Resources */ = {isa = PBXBuildFile; fileRef = 9A9D897F2A7AE0E500C69BD8 /* Poppins-Medium.ttf */; };
		9A9D89822A7AE25100C69BD8 /* Poppins-Regular.ttf in Resources */ = {isa = PBXBuildFile; fileRef = 9A9D89812A7AE25100C69BD8 /* Poppins-Regular.ttf */; };
		9A9D89892A7B870D00C69BD8 /* EditProfileViewController.swift in Sources */ = {isa = PBXBuildFile; fileRef = 9A9D89872A7B870D00C69BD8 /* EditProfileViewController.swift */; };
		9A9D898A2A7B870D00C69BD8 /* EditProfileViewController.xib in Resources */ = {isa = PBXBuildFile; fileRef = 9A9D89882A7B870D00C69BD8 /* EditProfileViewController.xib */; };
/* End PBXBuildFile section */

/* Begin PBXFileReference section */
		9A4E6F3A2A78300F003DF923 /* BrificLoodos.app */ = {isa = PBXFileReference; explicitFileType = wrapper.application; includeInIndex = 0; path = BrificLoodos.app; sourceTree = BUILT_PRODUCTS_DIR; };
		9A4E6F3D2A78300F003DF923 /* AppDelegate.swift */ = {isa = PBXFileReference; lastKnownFileType = sourcecode.swift; path = AppDelegate.swift; sourceTree = "<group>"; };
		9A4E6F3F2A78300F003DF923 /* SceneDelegate.swift */ = {isa = PBXFileReference; lastKnownFileType = sourcecode.swift; path = SceneDelegate.swift; sourceTree = "<group>"; };
		9A4E6F492A783013003DF923 /* Base */ = {isa = PBXFileReference; lastKnownFileType = file.storyboard; name = Base; path = Base.lproj/LaunchScreen.storyboard; sourceTree = "<group>"; };
		9A4E6F4B2A783013003DF923 /* Info.plist */ = {isa = PBXFileReference; lastKnownFileType = text.plist.xml; path = Info.plist; sourceTree = "<group>"; };
		9A4E6F652A783D52003DF923 /* HomeViewController.swift */ = {isa = PBXFileReference; lastKnownFileType = sourcecode.swift; path = HomeViewController.swift; sourceTree = "<group>"; };
		9A4E6F662A783D52003DF923 /* HomeViewController.xib */ = {isa = PBXFileReference; lastKnownFileType = file.xib; path = HomeViewController.xib; sourceTree = "<group>"; };
		9A4E6F692A783D5D003DF923 /* MarketViewController.swift */ = {isa = PBXFileReference; lastKnownFileType = sourcecode.swift; path = MarketViewController.swift; sourceTree = "<group>"; };
		9A4E6F6A2A783D5D003DF923 /* MarketViewController.xib */ = {isa = PBXFileReference; lastKnownFileType = file.xib; path = MarketViewController.xib; sourceTree = "<group>"; };
		9A4E6F6D2A783D69003DF923 /* ProfileViiewController.swift */ = {isa = PBXFileReference; lastKnownFileType = sourcecode.swift; path = ProfileViiewController.swift; sourceTree = "<group>"; };
		9A4E6F6E2A783D6A003DF923 /* ProfileViiewController.xib */ = {isa = PBXFileReference; lastKnownFileType = file.xib; path = ProfileViiewController.xib; sourceTree = "<group>"; };
		9A4E6F712A783D76003DF923 /* MapViewController.swift */ = {isa = PBXFileReference; lastKnownFileType = sourcecode.swift; path = MapViewController.swift; sourceTree = "<group>"; };
		9A4E6F722A783D76003DF923 /* MapViewController.xib */ = {isa = PBXFileReference; lastKnownFileType = file.xib; path = MapViewController.xib; sourceTree = "<group>"; };
		9A4E6F752A783D83003DF923 /* SocialViewController.swift */ = {isa = PBXFileReference; lastKnownFileType = sourcecode.swift; path = SocialViewController.swift; sourceTree = "<group>"; };
		9A4E6F762A783D83003DF923 /* SocialViewController.xib */ = {isa = PBXFileReference; lastKnownFileType = file.xib; path = SocialViewController.xib; sourceTree = "<group>"; };
		9A9D89652A79915C00C69BD8 /* CustomTabBar.swift */ = {isa = PBXFileReference; fileEncoding = 4; lastKnownFileType = sourcecode.swift; name = CustomTabBar.swift; path = ../../../../../../.Trash/CustomTabBar.swift; sourceTree = "<group>"; };
		9A9D89672A7991A300C69BD8 /* TabBarViewController.swift */ = {isa = PBXFileReference; lastKnownFileType = sourcecode.swift; path = TabBarViewController.swift; sourceTree = "<group>"; };
		9A9D896B2A79A46700C69BD8 /* Assets.xcassets */ = {isa = PBXFileReference; lastKnownFileType = folder.assetcatalog; name = Assets.xcassets; path = ../../../../../.Trash/Assets.xcassets; sourceTree = "<group>"; };
		9A9D89702A79B0CA00C69BD8 /* CustomTableViewCell.swift */ = {isa = PBXFileReference; lastKnownFileType = sourcecode.swift; path = CustomTableViewCell.swift; sourceTree = "<group>"; };
		9A9D89712A79B0CA00C69BD8 /* CustomTableViewCell.xib */ = {isa = PBXFileReference; lastKnownFileType = file.xib; path = CustomTableViewCell.xib; sourceTree = "<group>"; };
		9A9D897D2A7AE0D900C69BD8 /* Poppins-SemiBold.ttf */ = {isa = PBXFileReference; lastKnownFileType = file; path = "Poppins-SemiBold.ttf"; sourceTree = "<group>"; };
		9A9D897F2A7AE0E500C69BD8 /* Poppins-Medium.ttf */ = {isa = PBXFileReference; lastKnownFileType = file; path = "Poppins-Medium.ttf"; sourceTree = "<group>"; };
		9A9D89812A7AE25100C69BD8 /* Poppins-Regular.ttf */ = {isa = PBXFileReference; lastKnownFileType = file; path = "Poppins-Regular.ttf"; sourceTree = "<group>"; };
		9A9D89872A7B870D00C69BD8 /* EditProfileViewController.swift */ = {isa = PBXFileReference; lastKnownFileType = sourcecode.swift; path = EditProfileViewController.swift; sourceTree = "<group>"; };
		9A9D89882A7B870D00C69BD8 /* EditProfileViewController.xib */ = {isa = PBXFileReference; lastKnownFileType = file.xib; path = EditProfileViewController.xib; sourceTree = "<group>"; };
/* End PBXFileReference section */

/* Begin PBXFrameworksBuildPhase section */
		9A4E6F372A78300F003DF923 /* Frameworks */ = {
			isa = PBXFrameworksBuildPhase;
			buildActionMask = 2147483647;
			files = (
			);
			runOnlyForDeploymentPostprocessing = 0;
		};
/* End PBXFrameworksBuildPhase section */

/* Begin PBXGroup section */
		9A4E6F312A78300F003DF923 = {
			isa = PBXGroup;
			children = (
				9A4E6F3C2A78300F003DF923 /* BrificLoodos */,
				9A4E6F3B2A78300F003DF923 /* Products */,
			);
			sourceTree = "<group>";
		};
		9A4E6F3B2A78300F003DF923 /* Products */ = {
			isa = PBXGroup;
			children = (
				9A4E6F3A2A78300F003DF923 /* BrificLoodos.app */,
			);
			name = Products;
			sourceTree = "<group>";
		};
		9A4E6F3C2A78300F003DF923 /* BrificLoodos */ = {
			isa = PBXGroup;
			children = (
				9A4E6F512A7832F4003DF923 /* Main */,
				9A4E6F482A783013003DF923 /* LaunchScreen.storyboard */,
				9A4E6F4B2A783013003DF923 /* Info.plist */,
			);
			path = BrificLoodos;
			sourceTree = "<group>";
		};
		9A4E6F512A7832F4003DF923 /* Main */ = {
			isa = PBXGroup;
			children = (
				9A4E6F5E2A7836CC003DF923 /* Assets */,
				9A4E6F5D2A7836BE003DF923 /* App */,
				9A4E6F572A78365A003DF923 /* Core */,
			);
			path = Main;
			sourceTree = "<group>";
		};
		9A4E6F572A78365A003DF923 /* Core */ = {
			isa = PBXGroup;
			children = (
				9A9D896D2A79B08500C69BD8 /* Components */,
				9A9D895B2A79804E00C69BD8 /* TabBar */,
				9A4E6F642A7838F1003DF923 /* Screens */,
			);
			path = Core;
			sourceTree = "<group>";
		};
		9A4E6F582A783664003DF923 /* Home */ = {
			isa = PBXGroup;
			children = (
				9A4E6F652A783D52003DF923 /* HomeViewController.swift */,
				9A4E6F662A783D52003DF923 /* HomeViewController.xib */,
			);
			path = Home;
			sourceTree = "<group>";
		};
		9A4E6F592A783672003DF923 /* Social */ = {
			isa = PBXGroup;
			children = (
				9A4E6F752A783D83003DF923 /* SocialViewController.swift */,
				9A4E6F762A783D83003DF923 /* SocialViewController.xib */,
			);
			path = Social;
			sourceTree = "<group>";
		};
		9A4E6F5A2A783674003DF923 /* Map */ = {
			isa = PBXGroup;
			children = (
				9A4E6F712A783D76003DF923 /* MapViewController.swift */,
				9A4E6F722A783D76003DF923 /* MapViewController.xib */,
			);
			path = Map;
			sourceTree = "<group>";
		};
		9A4E6F5B2A7836A4003DF923 /* Profile */ = {
			isa = PBXGroup;
			children = (
				9A9D89842A7B86DA00C69BD8 /* EditProfile */,
				9A9D89832A7B86CD00C69BD8 /* MainProfile */,
			);
			path = Profile;
			sourceTree = "<group>";
		};
		9A4E6F5C2A7836AB003DF923 /* Market */ = {
			isa = PBXGroup;
			children = (
				9A4E6F692A783D5D003DF923 /* MarketViewController.swift */,
				9A4E6F6A2A783D5D003DF923 /* MarketViewController.xib */,
			);
			path = Market;
			sourceTree = "<group>";
		};
		9A4E6F5D2A7836BE003DF923 /* App */ = {
			isa = PBXGroup;
			children = (
				9A4E6F3D2A78300F003DF923 /* AppDelegate.swift */,
				9A4E6F3F2A78300F003DF923 /* SceneDelegate.swift */,
			);
			path = App;
			sourceTree = "<group>";
		};
		9A4E6F5E2A7836CC003DF923 /* Assets */ = {
			isa = PBXGroup;
			children = (
				9A9D89812A7AE25100C69BD8 /* Poppins-Regular.ttf */,
				9A9D897F2A7AE0E500C69BD8 /* Poppins-Medium.ttf */,
				9A9D897D2A7AE0D900C69BD8 /* Poppins-SemiBold.ttf */,
				9A9D896B2A79A46700C69BD8 /* Assets.xcassets */,
			);
			path = Assets;
			sourceTree = "<group>";
		};
		9A4E6F642A7838F1003DF923 /* Screens */ = {
			isa = PBXGroup;
			children = (
				9A4E6F5B2A7836A4003DF923 /* Profile */,
				9A4E6F592A783672003DF923 /* Social */,
				9A4E6F5A2A783674003DF923 /* Map */,
				9A4E6F5C2A7836AB003DF923 /* Market */,
				9A4E6F582A783664003DF923 /* Home */,
			);
			path = Screens;
			sourceTree = "<group>";
		};
		9A9D895B2A79804E00C69BD8 /* TabBar */ = {
			isa = PBXGroup;
			children = (
				9A9D89652A79915C00C69BD8 /* CustomTabBar.swift */,
				9A9D89672A7991A300C69BD8 /* TabBarViewController.swift */,
			);
			path = TabBar;
			sourceTree = "<group>";
		};
		9A9D896D2A79B08500C69BD8 /* Components */ = {
			isa = PBXGroup;
			children = (
				9A9D89702A79B0CA00C69BD8 /* CustomTableViewCell.swift */,
				9A9D89712A79B0CA00C69BD8 /* CustomTableViewCell.xib */,
			);
			path = Components;
			sourceTree = "<group>";
		};
		9A9D89832A7B86CD00C69BD8 /* MainProfile */ = {
			isa = PBXGroup;
			children = (
				9A4E6F6D2A783D69003DF923 /* ProfileViiewController.swift */,
				9A4E6F6E2A783D6A003DF923 /* ProfileViiewController.xib */,
			);
			path = MainProfile;
			sourceTree = "<group>";
		};
		9A9D89842A7B86DA00C69BD8 /* EditProfile */ = {
			isa = PBXGroup;
			children = (
				9A9D89872A7B870D00C69BD8 /* EditProfileViewController.swift */,
				9A9D89882A7B870D00C69BD8 /* EditProfileViewController.xib */,
			);
			path = EditProfile;
			sourceTree = "<group>";
		};
/* End PBXGroup section */

/* Begin PBXNativeTarget section */
		9A4E6F392A78300F003DF923 /* BrificLoodos */ = {
			isa = PBXNativeTarget;
			buildConfigurationList = 9A4E6F4E2A783013003DF923 /* Build configuration list for PBXNativeTarget "BrificLoodos" */;
			buildPhases = (
				9A4E6F362A78300F003DF923 /* Sources */,
				9A4E6F372A78300F003DF923 /* Frameworks */,
				9A4E6F382A78300F003DF923 /* Resources */,
			);
			buildRules = (
			);
			dependencies = (
			);
			name = BrificLoodos;
			productName = BrificLoodos;
			productReference = 9A4E6F3A2A78300F003DF923 /* BrificLoodos.app */;
			productType = "com.apple.product-type.application";
		};
/* End PBXNativeTarget section */

/* Begin PBXProject section */
		9A4E6F322A78300F003DF923 /* Project object */ = {
			isa = PBXProject;
			attributes = {
				BuildIndependentTargetsInParallel = 1;
				LastSwiftUpdateCheck = 1430;
				LastUpgradeCheck = 1430;
				TargetAttributes = {
					9A4E6F392A78300F003DF923 = {
						CreatedOnToolsVersion = 14.3.1;
					};
				};
			};
			buildConfigurationList = 9A4E6F352A78300F003DF923 /* Build configuration list for PBXProject "BrificLoodos" */;
			compatibilityVersion = "Xcode 14.0";
			developmentRegion = en;
			hasScannedForEncodings = 0;
			knownRegions = (
				en,
				Base,
			);
			mainGroup = 9A4E6F312A78300F003DF923;
			productRefGroup = 9A4E6F3B2A78300F003DF923 /* Products */;
			projectDirPath = "";
			projectRoot = "";
			targets = (
				9A4E6F392A78300F003DF923 /* BrificLoodos */,
			);
		};
/* End PBXProject section */

/* Begin PBXResourcesBuildPhase section */
		9A4E6F382A78300F003DF923 /* Resources */ = {
			isa = PBXResourcesBuildPhase;
			buildActionMask = 2147483647;
			files = (
				9A4E6F702A783D6A003DF923 /* ProfileViiewController.xib in Resources */,
				9A4E6F4A2A783013003DF923 /* LaunchScreen.storyboard in Resources */,
				9A4E6F6C2A783D5D003DF923 /* MarketViewController.xib in Resources */,
				9A4E6F782A783D83003DF923 /* SocialViewController.xib in Resources */,
				9A9D896C2A79A46700C69BD8 /* Assets.xcassets in Resources */,
				9A4E6F742A783D76003DF923 /* MapViewController.xib in Resources */,
				9A9D897E2A7AE0D900C69BD8 /* Poppins-SemiBold.ttf in Resources */,
				9A9D89732A79B0CA00C69BD8 /* CustomTableViewCell.xib in Resources */,
				9A9D898A2A7B870D00C69BD8 /* EditProfileViewController.xib in Resources */,
				9A9D89822A7AE25100C69BD8 /* Poppins-Regular.ttf in Resources */,
				9A4E6F682A783D52003DF923 /* HomeViewController.xib in Resources */,
				9A9D89802A7AE0E500C69BD8 /* Poppins-Medium.ttf in Resources */,
			);
			runOnlyForDeploymentPostprocessing = 0;
		};
/* End PBXResourcesBuildPhase section */

/* Begin PBXSourcesBuildPhase section */
		9A4E6F362A78300F003DF923 /* Sources */ = {
			isa = PBXSourcesBuildPhase;
			buildActionMask = 2147483647;
			files = (
				9A9D89892A7B870D00C69BD8 /* EditProfileViewController.swift in Sources */,
				9A4E6F6F2A783D6A003DF923 /* ProfileViiewController.swift in Sources */,
				9A4E6F3E2A78300F003DF923 /* AppDelegate.swift in Sources */,
				9A4E6F6B2A783D5D003DF923 /* MarketViewController.swift in Sources */,
				9A9D89662A79915C00C69BD8 /* CustomTabBar.swift in Sources */,
				9A9D89692A7991A300C69BD8 /* TabBarViewController.swift in Sources */,
				9A4E6F402A78300F003DF923 /* SceneDelegate.swift in Sources */,
				9A9D89722A79B0CA00C69BD8 /* CustomTableViewCell.swift in Sources */,
				9A4E6F672A783D52003DF923 /* HomeViewController.swift in Sources */,
				9A4E6F732A783D76003DF923 /* MapViewController.swift in Sources */,
				9A4E6F772A783D83003DF923 /* SocialViewController.swift in Sources */,
			);
			runOnlyForDeploymentPostprocessing = 0;
		};
/* End PBXSourcesBuildPhase section */

/* Begin PBXVariantGroup section */
		9A4E6F482A783013003DF923 /* LaunchScreen.storyboard */ = {
			isa = PBXVariantGroup;
			children = (
				9A4E6F492A783013003DF923 /* Base */,
			);
			name = LaunchScreen.storyboard;
			sourceTree = "<group>";
		};
/* End PBXVariantGroup section */

/* Begin XCBuildConfiguration section */
		9A4E6F4C2A783013003DF923 /* Debug */ = {
			isa = XCBuildConfiguration;
			buildSettings = {
				ALWAYS_SEARCH_USER_PATHS = NO;
				CLANG_ANALYZER_NONNULL = YES;
				CLANG_ANALYZER_NUMBER_OBJECT_CONVERSION = YES_AGGRESSIVE;
				CLANG_CXX_LANGUAGE_STANDARD = "gnu++20";
				CLANG_ENABLE_MODULES = YES;
				CLANG_ENABLE_OBJC_ARC = YES;
				CLANG_ENABLE_OBJC_WEAK = YES;
				CLANG_WARN_BLOCK_CAPTURE_AUTORELEASING = YES;
				CLANG_WARN_BOOL_CONVERSION = YES;
				CLANG_WARN_COMMA = YES;
				CLANG_WARN_CONSTANT_CONVERSION = YES;
				CLANG_WARN_DEPRECATED_OBJC_IMPLEMENTATIONS = YES;
				CLANG_WARN_DIRECT_OBJC_ISA_USAGE = YES_ERROR;
				CLANG_WARN_DOCUMENTATION_COMMENTS = YES;
				CLANG_WARN_EMPTY_BODY = YES;
				CLANG_WARN_ENUM_CONVERSION = YES;
				CLANG_WARN_INFINITE_RECURSION = YES;
				CLANG_WARN_INT_CONVERSION = YES;
				CLANG_WARN_NON_LITERAL_NULL_CONVERSION = YES;
				CLANG_WARN_OBJC_IMPLICIT_RETAIN_SELF = YES;
				CLANG_WARN_OBJC_LITERAL_CONVERSION = YES;
				CLANG_WARN_OBJC_ROOT_CLASS = YES_ERROR;
				CLANG_WARN_QUOTED_INCLUDE_IN_FRAMEWORK_HEADER = YES;
				CLANG_WARN_RANGE_LOOP_ANALYSIS = YES;
				CLANG_WARN_STRICT_PROTOTYPES = YES;
				CLANG_WARN_SUSPICIOUS_MOVE = YES;
				CLANG_WARN_UNGUARDED_AVAILABILITY = YES_AGGRESSIVE;
				CLANG_WARN_UNREACHABLE_CODE = YES;
				CLANG_WARN__DUPLICATE_METHOD_MATCH = YES;
				COPY_PHASE_STRIP = NO;
				DEBUG_INFORMATION_FORMAT = dwarf;
				ENABLE_STRICT_OBJC_MSGSEND = YES;
				ENABLE_TESTABILITY = YES;
				GCC_C_LANGUAGE_STANDARD = gnu11;
				GCC_DYNAMIC_NO_PIC = NO;
				GCC_NO_COMMON_BLOCKS = YES;
				GCC_OPTIMIZATION_LEVEL = 0;
				GCC_PREPROCESSOR_DEFINITIONS = (
					"DEBUG=1",
					"$(inherited)",
				);
				GCC_WARN_64_TO_32_BIT_CONVERSION = YES;
				GCC_WARN_ABOUT_RETURN_TYPE = YES_ERROR;
				GCC_WARN_UNDECLARED_SELECTOR = YES;
				GCC_WARN_UNINITIALIZED_AUTOS = YES_AGGRESSIVE;
				GCC_WARN_UNUSED_FUNCTION = YES;
				GCC_WARN_UNUSED_VARIABLE = YES;
				IPHONEOS_DEPLOYMENT_TARGET = 16.4;
				MTL_ENABLE_DEBUG_INFO = INCLUDE_SOURCE;
				MTL_FAST_MATH = YES;
				ONLY_ACTIVE_ARCH = YES;
				SDKROOT = iphoneos;
				SWIFT_ACTIVE_COMPILATION_CONDITIONS = DEBUG;
				SWIFT_OPTIMIZATION_LEVEL = "-Onone";
			};
			name = Debug;
		};
		9A4E6F4D2A783013003DF923 /* Release */ = {
			isa = XCBuildConfiguration;
			buildSettings = {
				ALWAYS_SEARCH_USER_PATHS = NO;
				CLANG_ANALYZER_NONNULL = YES;
				CLANG_ANALYZER_NUMBER_OBJECT_CONVERSION = YES_AGGRESSIVE;
				CLANG_CXX_LANGUAGE_STANDARD = "gnu++20";
				CLANG_ENABLE_MODULES = YES;
				CLANG_ENABLE_OBJC_ARC = YES;
				CLANG_ENABLE_OBJC_WEAK = YES;
				CLANG_WARN_BLOCK_CAPTURE_AUTORELEASING = YES;
				CLANG_WARN_BOOL_CONVERSION = YES;
				CLANG_WARN_COMMA = YES;
				CLANG_WARN_CONSTANT_CONVERSION = YES;
				CLANG_WARN_DEPRECATED_OBJC_IMPLEMENTATIONS = YES;
				CLANG_WARN_DIRECT_OBJC_ISA_USAGE = YES_ERROR;
				CLANG_WARN_DOCUMENTATION_COMMENTS = YES;
				CLANG_WARN_EMPTY_BODY = YES;
				CLANG_WARN_ENUM_CONVERSION = YES;
				CLANG_WARN_INFINITE_RECURSION = YES;
				CLANG_WARN_INT_CONVERSION = YES;
				CLANG_WARN_NON_LITERAL_NULL_CONVERSION = YES;
				CLANG_WARN_OBJC_IMPLICIT_RETAIN_SELF = YES;
				CLANG_WARN_OBJC_LITERAL_CONVERSION = YES;
				CLANG_WARN_OBJC_ROOT_CLASS = YES_ERROR;
				CLANG_WARN_QUOTED_INCLUDE_IN_FRAMEWORK_HEADER = YES;
				CLANG_WARN_RANGE_LOOP_ANALYSIS = YES;
				CLANG_WARN_STRICT_PROTOTYPES = YES;
				CLANG_WARN_SUSPICIOUS_MOVE = YES;
				CLANG_WARN_UNGUARDED_AVAILABILITY = YES_AGGRESSIVE;
				CLANG_WARN_UNREACHABLE_CODE = YES;
				CLANG_WARN__DUPLICATE_METHOD_MATCH = YES;
				COPY_PHASE_STRIP = NO;
				DEBUG_INFORMATION_FORMAT = "dwarf-with-dsym";
				ENABLE_NS_ASSERTIONS = NO;
				ENABLE_STRICT_OBJC_MSGSEND = YES;
				GCC_C_LANGUAGE_STANDARD = gnu11;
				GCC_NO_COMMON_BLOCKS = YES;
				GCC_WARN_64_TO_32_BIT_CONVERSION = YES;
				GCC_WARN_ABOUT_RETURN_TYPE = YES_ERROR;
				GCC_WARN_UNDECLARED_SELECTOR = YES;
				GCC_WARN_UNINITIALIZED_AUTOS = YES_AGGRESSIVE;
				GCC_WARN_UNUSED_FUNCTION = YES;
				GCC_WARN_UNUSED_VARIABLE = YES;
				IPHONEOS_DEPLOYMENT_TARGET = 16.4;
				MTL_ENABLE_DEBUG_INFO = NO;
				MTL_FAST_MATH = YES;
				SDKROOT = iphoneos;
				SWIFT_COMPILATION_MODE = wholemodule;
				SWIFT_OPTIMIZATION_LEVEL = "-O";
				VALIDATE_PRODUCT = YES;
			};
			name = Release;
		};
		9A4E6F4F2A783013003DF923 /* Debug */ = {
			isa = XCBuildConfiguration;
			buildSettings = {
				ASSETCATALOG_COMPILER_APPICON_NAME = AppIcon;
				ASSETCATALOG_COMPILER_GLOBAL_ACCENT_COLOR_NAME = AccentColor;
				CODE_SIGN_STYLE = Automatic;
				CURRENT_PROJECT_VERSION = 1;
				DEVELOPMENT_TEAM = 5T5Z6BBS7B;
				GENERATE_INFOPLIST_FILE = YES;
				INFOPLIST_FILE = BrificLoodos/Info.plist;
				INFOPLIST_KEY_CFBundleDisplayName = Brific;
				INFOPLIST_KEY_UIApplicationSupportsIndirectInputEvents = YES;
				INFOPLIST_KEY_UILaunchStoryboardName = LaunchScreen;
				INFOPLIST_KEY_UISupportedInterfaceOrientations = UIInterfaceOrientationPortrait;
				INFOPLIST_KEY_UISupportedInterfaceOrientations_iPad = "UIInterfaceOrientationLandscapeLeft UIInterfaceOrientationLandscapeRight UIInterfaceOrientationPortrait UIInterfaceOrientationPortraitUpsideDown";
				IPHONEOS_DEPLOYMENT_TARGET = 14.0;
				LD_RUNPATH_SEARCH_PATHS = (
					"$(inherited)",
					"@executable_path/Frameworks",
				);
				MARKETING_VERSION = 1.0.1;
				PRODUCT_BUNDLE_IDENTIFIER = com.erkutter.BrificLoodos;
				PRODUCT_NAME = "$(TARGET_NAME)";
				SUPPORTED_PLATFORMS = "iphoneos iphonesimulator";
				SUPPORTS_MACCATALYST = NO;
				SUPPORTS_MAC_DESIGNED_FOR_IPHONE_IPAD = NO;
				SWIFT_EMIT_LOC_STRINGS = YES;
				SWIFT_VERSION = 5.0;
				TARGETED_DEVICE_FAMILY = 1;
			};
			name = Debug;
		};
		9A4E6F502A783013003DF923 /* Release */ = {
			isa = XCBuildConfiguration;
			buildSettings = {
				ASSETCATALOG_COMPILER_APPICON_NAME = AppIcon;
				ASSETCATALOG_COMPILER_GLOBAL_ACCENT_COLOR_NAME = AccentColor;
				CODE_SIGN_STYLE = Automatic;
				CURRENT_PROJECT_VERSION = 1;
				DEVELOPMENT_TEAM = 5T5Z6BBS7B;
				GENERATE_INFOPLIST_FILE = YES;
				INFOPLIST_FILE = BrificLoodos/Info.plist;
				INFOPLIST_KEY_CFBundleDisplayName = Brific;
				INFOPLIST_KEY_UIApplicationSupportsIndirectInputEvents = YES;
				INFOPLIST_KEY_UILaunchStoryboardName = LaunchScreen;
				INFOPLIST_KEY_UISupportedInterfaceOrientations = UIInterfaceOrientationPortrait;
				INFOPLIST_KEY_UISupportedInterfaceOrientations_iPad = "UIInterfaceOrientationLandscapeLeft UIInterfaceOrientationLandscapeRight UIInterfaceOrientationPortrait UIInterfaceOrientationPortraitUpsideDown";
				IPHONEOS_DEPLOYMENT_TARGET = 14.0;
				LD_RUNPATH_SEARCH_PATHS = (
					"$(inherited)",
					"@executable_path/Frameworks",
				);
				MARKETING_VERSION = 1.0.1;
				PRODUCT_BUNDLE_IDENTIFIER = com.erkutter.BrificLoodos;
				PRODUCT_NAME = "$(TARGET_NAME)";
				SUPPORTED_PLATFORMS = "iphoneos iphonesimulator";
				SUPPORTS_MACCATALYST = NO;
				SUPPORTS_MAC_DESIGNED_FOR_IPHONE_IPAD = NO;
				SWIFT_EMIT_LOC_STRINGS = YES;
				SWIFT_VERSION = 5.0;
				TARGETED_DEVICE_FAMILY = 1;
			};
			name = Release;
		};
/* End XCBuildConfiguration section */

/* Begin XCConfigurationList section */
		9A4E6F352A78300F003DF923 /* Build configuration list for PBXProject "BrificLoodos" */ = {
			isa = XCConfigurationList;
			buildConfigurations = (
				9A4E6F4C2A783013003DF923 /* Debug */,
				9A4E6F4D2A783013003DF923 /* Release */,
			);
			defaultConfigurationIsVisible = 0;
			defaultConfigurationName = Release;
		};
		9A4E6F4E2A783013003DF923 /* Build configuration list for PBXNativeTarget "BrificLoodos" */ = {
			isa = XCConfigurationList;
			buildConfigurations = (
				9A4E6F4F2A783013003DF923 /* Debug */,
				9A4E6F502A783013003DF923 /* Release */,
			);
			defaultConfigurationIsVisible = 0;
			defaultConfigurationName = Release;
		};
/* End XCConfigurationList section */
	};
	rootObject = 9A4E6F322A78300F003DF923 /* Project object */;
}
